// !$*UTF8*$!
{
	archiveVersion = 1;
	classes = {
	};
	objectVersion = 51;
	objects = {

/* Begin PBXBuildFile section */
		51FDFC375EF2869BEF9D0412 /* Pods_FashionLine_FashionLineUITests.framework in Frameworks */ = {isa = PBXBuildFile; fileRef = A3341BE4B99379AA56937684 /* Pods_FashionLine_FashionLineUITests.framework */; };
		B3CD2F183A6D1D7624639847 /* Pods_FashionLine.framework in Frameworks */ = {isa = PBXBuildFile; fileRef = 31700DE73D4D8BBB96E950E5 /* Pods_FashionLine.framework */; };
		DC10166324912231000B4D81 /* FeedCell.swift in Sources */ = {isa = PBXBuildFile; fileRef = DC10166224912231000B4D81 /* FeedCell.swift */; };
		DC101665249125F2000B4D81 /* CustomImageView.swift in Sources */ = {isa = PBXBuildFile; fileRef = DC101664249125F2000B4D81 /* CustomImageView.swift */; };
		DC10166724927C2D000B4D81 /* FeedHeaderCell.swift in Sources */ = {isa = PBXBuildFile; fileRef = DC10166624927C2C000B4D81 /* FeedHeaderCell.swift */; };
		DC10166924951A7B000B4D81 /* SubCustomCell.swift in Sources */ = {isa = PBXBuildFile; fileRef = DC10166824951A7B000B4D81 /* SubCustomCell.swift */; };
		DC10166B24957A2B000B4D81 /* CombinesOfDay.swift in Sources */ = {isa = PBXBuildFile; fileRef = DC10166A24957A2B000B4D81 /* CombinesOfDay.swift */; };
		DC1016BF2497E820000B4D81 /* SF-Pro-Display-Bold.otf in Resources */ = {isa = PBXBuildFile; fileRef = DC10169A2497E6E7000B4D81 /* SF-Pro-Display-Bold.otf */; };
		DC1016C02497E8DD000B4D81 /* SF-Pro-Display-RegularItalic.otf in Resources */ = {isa = PBXBuildFile; fileRef = DC1016742497E6D4000B4D81 /* SF-Pro-Display-RegularItalic.otf */; };
		DC1016C12497E964000B4D81 /* SF-Pro-Display-Regular.otf in Resources */ = {isa = PBXBuildFile; fileRef = DC1016AD2497E6F0000B4D81 /* SF-Pro-Display-Regular.otf */; };
		DC1016C22497E9E6000B4D81 /* SF-Pro-Text-Regular.otf in Resources */ = {isa = PBXBuildFile; fileRef = DC1016B92497E6F7000B4D81 /* SF-Pro-Text-Regular.otf */; };
		DC1016C32497EA28000B4D81 /* SF-Pro-Text-Medium.otf in Resources */ = {isa = PBXBuildFile; fileRef = DC10168F2497E6E1000B4D81 /* SF-Pro-Text-Medium.otf */; };
		DC1016C42497EB7B000B4D81 /* SF-Pro-Text-MediumItalic.otf in Resources */ = {isa = PBXBuildFile; fileRef = DC1016782497E6D6000B4D81 /* SF-Pro-Text-MediumItalic.otf */; };
		DC799A1925AA01E40037E9B1 /* CombineDetailVC.swift in Sources */ = {isa = PBXBuildFile; fileRef = DC799A1825AA01E40037E9B1 /* CombineDetailVC.swift */; };
		DC799A1B25AA021F0037E9B1 /* HeaderView.swift in Sources */ = {isa = PBXBuildFile; fileRef = DC799A1A25AA021F0037E9B1 /* HeaderView.swift */; };
		DC799A1D25AA02560037E9B1 /* CombineDetailCell.swift in Sources */ = {isa = PBXBuildFile; fileRef = DC799A1C25AA02560037E9B1 /* CombineDetailCell.swift */; };
		DC799A2025AB310E0037E9B1 /* AdminVC.swift in Sources */ = {isa = PBXBuildFile; fileRef = DC799A1F25AB310E0037E9B1 /* AdminVC.swift */; };
		DC799A2325AB33EB0037E9B1 /* AdminCell.swift in Sources */ = {isa = PBXBuildFile; fileRef = DC799A2225AB33EB0037E9B1 /* AdminCell.swift */; };
		DC799A2525AB4AC60037E9B1 /* AdminDetailVC.swift in Sources */ = {isa = PBXBuildFile; fileRef = DC799A2425AB4AC60037E9B1 /* AdminDetailVC.swift */; };
		DC799A2725ADB66B0037E9B1 /* CombineDesignVC.swift in Sources */ = {isa = PBXBuildFile; fileRef = DC799A2625ADB66B0037E9B1 /* CombineDesignVC.swift */; };
		DCA10F0C2592761700DD22DD /* Protocols.swift in Sources */ = {isa = PBXBuildFile; fileRef = DCA10F0B2592761700DD22DD /* Protocols.swift */; };
		DCA10F0E25934D1100DD22DD /* GoogleService-Info.plist in Resources */ = {isa = PBXBuildFile; fileRef = DCA10F0D25934D0F00DD22DD /* GoogleService-Info.plist */; };
		DCB5B9ED25A46E230079BEB0 /* SignUpVC.swift in Sources */ = {isa = PBXBuildFile; fileRef = DCB5B9EC25A46E230079BEB0 /* SignUpVC.swift */; };
		DCCD057A248BCFC400105231 /* AppDelegate.swift in Sources */ = {isa = PBXBuildFile; fileRef = DCCD0579248BCFC400105231 /* AppDelegate.swift */; };
		DCCD057C248BCFC400105231 /* SceneDelegate.swift in Sources */ = {isa = PBXBuildFile; fileRef = DCCD057B248BCFC400105231 /* SceneDelegate.swift */; };
		DCCD057E248BCFC400105231 /* ViewController.swift in Sources */ = {isa = PBXBuildFile; fileRef = DCCD057D248BCFC400105231 /* ViewController.swift */; };
		DCCD0583248BCFCD00105231 /* Assets.xcassets in Resources */ = {isa = PBXBuildFile; fileRef = DCCD0582248BCFCD00105231 /* Assets.xcassets */; };
		DCCD0586248BCFCD00105231 /* LaunchScreen.storyboard in Resources */ = {isa = PBXBuildFile; fileRef = DCCD0584248BCFCD00105231 /* LaunchScreen.storyboard */; };
		DCCD05B0248BF42500105231 /* LoginVC.swift in Sources */ = {isa = PBXBuildFile; fileRef = DCCD05AF248BF42500105231 /* LoginVC.swift */; };
		DCCD05B2248BFA5E00105231 /* MainVC.swift in Sources */ = {isa = PBXBuildFile; fileRef = DCCD05B1248BFA5E00105231 /* MainVC.swift */; };
		DCCD05B5248E9D5300105231 /* Extensions.swift in Sources */ = {isa = PBXBuildFile; fileRef = DCCD05B4248E9D5300105231 /* Extensions.swift */; };
		DCCD05B7248EB1B000105231 /* FeedVC.swift in Sources */ = {isa = PBXBuildFile; fileRef = DCCD05B6248EB1B000105231 /* FeedVC.swift */; };
		DCCD05B9248EB26100105231 /* CombineVC.swift in Sources */ = {isa = PBXBuildFile; fileRef = DCCD05B8248EB26100105231 /* CombineVC.swift */; };
		DCCD05BB248EB2FB00105231 /* WardrobeVC.swift in Sources */ = {isa = PBXBuildFile; fileRef = DCCD05BA248EB2FB00105231 /* WardrobeVC.swift */; };
		DCFA33522594D3C600680B23 /* Users.swift in Sources */ = {isa = PBXBuildFile; fileRef = DCFA33512594D3C600680B23 /* Users.swift */; };
		E70B88722FEC3701120610EC /* Pods_FashionLineTests.framework in Frameworks */ = {isa = PBXBuildFile; fileRef = 12C9306F5D32822D50D3A1D0 /* Pods_FashionLineTests.framework */; };
/* End PBXBuildFile section */

/* Begin PBXContainerItemProxy section */
		DCCD058D248BCFCE00105231 /* PBXContainerItemProxy */ = {
			isa = PBXContainerItemProxy;
			containerPortal = DCCD056E248BCFC400105231 /* Project object */;
			proxyType = 1;
			remoteGlobalIDString = DCCD0575248BCFC400105231;
			remoteInfo = FashionLine;
		};
		DCCD0598248BCFCE00105231 /* PBXContainerItemProxy */ = {
			isa = PBXContainerItemProxy;
			containerPortal = DCCD056E248BCFC400105231 /* Project object */;
			proxyType = 1;
			remoteGlobalIDString = DCCD0575248BCFC400105231;
			remoteInfo = FashionLine;
		};
/* End PBXContainerItemProxy section */

/* Begin PBXFileReference section */
		12C9306F5D32822D50D3A1D0 /* Pods_FashionLineTests.framework */ = {isa = PBXFileReference; explicitFileType = wrapper.framework; includeInIndex = 0; path = Pods_FashionLineTests.framework; sourceTree = BUILT_PRODUCTS_DIR; };
		196AE803EDAF92615215A56D /* Pods-FashionLineTests.debug.xcconfig */ = {isa = PBXFileReference; includeInIndex = 1; lastKnownFileType = text.xcconfig; name = "Pods-FashionLineTests.debug.xcconfig"; path = "Target Support Files/Pods-FashionLineTests/Pods-FashionLineTests.debug.xcconfig"; sourceTree = "<group>"; };
		31700DE73D4D8BBB96E950E5 /* Pods_FashionLine.framework */ = {isa = PBXFileReference; explicitFileType = wrapper.framework; includeInIndex = 0; path = Pods_FashionLine.framework; sourceTree = BUILT_PRODUCTS_DIR; };
		43841F17F90B225AF78DD743 /* Pods-FashionLine.release.xcconfig */ = {isa = PBXFileReference; includeInIndex = 1; lastKnownFileType = text.xcconfig; name = "Pods-FashionLine.release.xcconfig"; path = "Target Support Files/Pods-FashionLine/Pods-FashionLine.release.xcconfig"; sourceTree = "<group>"; };
		67C64BA1FE6F2D2DF4802C76 /* Pods-FashionLine.debug.xcconfig */ = {isa = PBXFileReference; includeInIndex = 1; lastKnownFileType = text.xcconfig; name = "Pods-FashionLine.debug.xcconfig"; path = "Target Support Files/Pods-FashionLine/Pods-FashionLine.debug.xcconfig"; sourceTree = "<group>"; };
		9CD4B518448B221744EEB0DC /* Pods-FashionLine-FashionLineUITests.release.xcconfig */ = {isa = PBXFileReference; includeInIndex = 1; lastKnownFileType = text.xcconfig; name = "Pods-FashionLine-FashionLineUITests.release.xcconfig"; path = "Target Support Files/Pods-FashionLine-FashionLineUITests/Pods-FashionLine-FashionLineUITests.release.xcconfig"; sourceTree = "<group>"; };
		A3341BE4B99379AA56937684 /* Pods_FashionLine_FashionLineUITests.framework */ = {isa = PBXFileReference; explicitFileType = wrapper.framework; includeInIndex = 0; path = Pods_FashionLine_FashionLineUITests.framework; sourceTree = BUILT_PRODUCTS_DIR; };
		DB79B0C63A7D4C0516730F74 /* Pods-FashionLine-FashionLineUITests.debug.xcconfig */ = {isa = PBXFileReference; includeInIndex = 1; lastKnownFileType = text.xcconfig; name = "Pods-FashionLine-FashionLineUITests.debug.xcconfig"; path = "Target Support Files/Pods-FashionLine-FashionLineUITests/Pods-FashionLine-FashionLineUITests.debug.xcconfig"; sourceTree = "<group>"; };
		DC10166224912231000B4D81 /* FeedCell.swift */ = {isa = PBXFileReference; lastKnownFileType = sourcecode.swift; path = FeedCell.swift; sourceTree = "<group>"; };
		DC101664249125F2000B4D81 /* CustomImageView.swift */ = {isa = PBXFileReference; lastKnownFileType = sourcecode.swift; path = CustomImageView.swift; sourceTree = "<group>"; };
		DC10166624927C2C000B4D81 /* FeedHeaderCell.swift */ = {isa = PBXFileReference; lastKnownFileType = sourcecode.swift; path = FeedHeaderCell.swift; sourceTree = "<group>"; };
		DC10166824951A7B000B4D81 /* SubCustomCell.swift */ = {isa = PBXFileReference; lastKnownFileType = sourcecode.swift; path = SubCustomCell.swift; sourceTree = "<group>"; };
		DC10166A24957A2B000B4D81 /* CombinesOfDay.swift */ = {isa = PBXFileReference; lastKnownFileType = sourcecode.swift; path = CombinesOfDay.swift; sourceTree = "<group>"; };
		DC10166D2497E6D3000B4D81 /* SF-Pro-Rounded-Heavy.otf */ = {isa = PBXFileReference; lastKnownFileType = file; path = "SF-Pro-Rounded-Heavy.otf"; sourceTree = "<group>"; };
		DC10166E2497E6D3000B4D81 /* SF-Pro-Display-UltralightItalic.otf */ = {isa = PBXFileReference; lastKnownFileType = file; path = "SF-Pro-Display-UltralightItalic.otf"; sourceTree = "<group>"; };
		DC10166F2497E6D3000B4D81 /* SF-Compact-Text-Black.otf */ = {isa = PBXFileReference; lastKnownFileType = file; path = "SF-Compact-Text-Black.otf"; sourceTree = "<group>"; };
		DC1016702497E6D3000B4D81 /* SF-Pro-Text-BlackItalic.otf */ = {isa = PBXFileReference; lastKnownFileType = file; path = "SF-Pro-Text-BlackItalic.otf"; sourceTree = "<group>"; };
		DC1016712497E6D4000B4D81 /* SF-Pro-Rounded-Light.otf */ = {isa = PBXFileReference; lastKnownFileType = file; path = "SF-Pro-Rounded-Light.otf"; sourceTree = "<group>"; };
		DC1016722497E6D4000B4D81 /* SF-Compact-Text-Medium.otf */ = {isa = PBXFileReference; lastKnownFileType = file; path = "SF-Compact-Text-Medium.otf"; sourceTree = "<group>"; };
		DC1016732497E6D4000B4D81 /* SF-Compact-Text-ThinItalic.otf */ = {isa = PBXFileReference; lastKnownFileType = file; path = "SF-Compact-Text-ThinItalic.otf"; sourceTree = "<group>"; };
		DC1016742497E6D4000B4D81 /* SF-Pro-Display-RegularItalic.otf */ = {isa = PBXFileReference; lastKnownFileType = file; path = "SF-Pro-Display-RegularItalic.otf"; sourceTree = "<group>"; };
		DC1016752497E6D5000B4D81 /* SF-Compact-Rounded-Regular.otf */ = {isa = PBXFileReference; lastKnownFileType = file; path = "SF-Compact-Rounded-Regular.otf"; sourceTree = "<group>"; };
		DC1016762497E6D5000B4D81 /* SF-Pro-Rounded-Ultralight.otf */ = {isa = PBXFileReference; lastKnownFileType = file; path = "SF-Pro-Rounded-Ultralight.otf"; sourceTree = "<group>"; };
		DC1016772497E6D6000B4D81 /* SF-Pro-Display-BoldItalic.otf */ = {isa = PBXFileReference; lastKnownFileType = file; path = "SF-Pro-Display-BoldItalic.otf"; sourceTree = "<group>"; };
		DC1016782497E6D6000B4D81 /* SF-Pro-Text-MediumItalic.otf */ = {isa = PBXFileReference; lastKnownFileType = file; path = "SF-Pro-Text-MediumItalic.otf"; sourceTree = "<group>"; };
		DC1016792497E6D6000B4D81 /* SF-Pro-Display-Black.otf */ = {isa = PBXFileReference; lastKnownFileType = file; path = "SF-Pro-Display-Black.otf"; sourceTree = "<group>"; };
		DC10167A2497E6D7000B4D81 /* SF-Pro-Text-UltralightItalic.otf */ = {isa = PBXFileReference; lastKnownFileType = file; path = "SF-Pro-Text-UltralightItalic.otf"; sourceTree = "<group>"; };
		DC10167B2497E6D7000B4D81 /* SF-Pro-Rounded-Semibold.otf */ = {isa = PBXFileReference; lastKnownFileType = file; path = "SF-Pro-Rounded-Semibold.otf"; sourceTree = "<group>"; };
		DC10167C2497E6D7000B4D81 /* SF-Pro-Display-HeavyItalic.otf */ = {isa = PBXFileReference; lastKnownFileType = file; path = "SF-Pro-Display-HeavyItalic.otf"; sourceTree = "<group>"; };
		DC10167D2497E6D8000B4D81 /* SF-Pro-Display-Semibold.otf */ = {isa = PBXFileReference; lastKnownFileType = file; path = "SF-Pro-Display-Semibold.otf"; sourceTree = "<group>"; };
		DC10167E2497E6D8000B4D81 /* SF-Pro-Rounded-Black.otf */ = {isa = PBXFileReference; lastKnownFileType = file; path = "SF-Pro-Rounded-Black.otf"; sourceTree = "<group>"; };
		DC10167F2497E6D8000B4D81 /* SF-Pro-Text-HeavyItalic.otf */ = {isa = PBXFileReference; lastKnownFileType = file; path = "SF-Pro-Text-HeavyItalic.otf"; sourceTree = "<group>"; };
		DC1016802497E6D9000B4D81 /* SF-Pro-Text-RegularItalic.otf */ = {isa = PBXFileReference; lastKnownFileType = file; path = "SF-Pro-Text-RegularItalic.otf"; sourceTree = "<group>"; };
		DC1016812497E6D9000B4D81 /* SF-Compact-Rounded-Black.otf */ = {isa = PBXFileReference; lastKnownFileType = file; path = "SF-Compact-Rounded-Black.otf"; sourceTree = "<group>"; };
		DC1016832497E6DA000B4D81 /* SF-Compact-Text-Regular.otf */ = {isa = PBXFileReference; lastKnownFileType = file; path = "SF-Compact-Text-Regular.otf"; sourceTree = "<group>"; };
		DC1016842497E6DB000B4D81 /* SF-Pro-Rounded-Bold.otf */ = {isa = PBXFileReference; lastKnownFileType = file; path = "SF-Pro-Rounded-Bold.otf"; sourceTree = "<group>"; };
		DC1016852497E6DC000B4D81 /* SF-Compact-Display-Regular.otf */ = {isa = PBXFileReference; lastKnownFileType = file; path = "SF-Compact-Display-Regular.otf"; sourceTree = "<group>"; };
		DC1016862497E6DC000B4D81 /* SF-Pro-Rounded-Medium.otf */ = {isa = PBXFileReference; lastKnownFileType = file; path = "SF-Pro-Rounded-Medium.otf"; sourceTree = "<group>"; };
		DC1016872497E6DD000B4D81 /* SF-Compact-Display-Heavy.otf */ = {isa = PBXFileReference; lastKnownFileType = file; path = "SF-Compact-Display-Heavy.otf"; sourceTree = "<group>"; };
		DC1016882497E6DD000B4D81 /* SF-Compact-Text-Thin.otf */ = {isa = PBXFileReference; lastKnownFileType = file; path = "SF-Compact-Text-Thin.otf"; sourceTree = "<group>"; };
		DC1016892497E6DD000B4D81 /* SF-Pro-Text-Black.otf */ = {isa = PBXFileReference; lastKnownFileType = file; path = "SF-Pro-Text-Black.otf"; sourceTree = "<group>"; };
		DC10168A2497E6DE000B4D81 /* SF-Compact-Text-LightItalic.otf */ = {isa = PBXFileReference; lastKnownFileType = file; path = "SF-Compact-Text-LightItalic.otf"; sourceTree = "<group>"; };
		DC10168B2497E6DF000B4D81 /* SF-Pro-Text-Heavy.otf */ = {isa = PBXFileReference; lastKnownFileType = file; path = "SF-Pro-Text-Heavy.otf"; sourceTree = "<group>"; };
		DC10168C2497E6DF000B4D81 /* SF-Compact-Text-MediumItalic.otf */ = {isa = PBXFileReference; lastKnownFileType = file; path = "SF-Compact-Text-MediumItalic.otf"; sourceTree = "<group>"; };
		DC10168D2497E6E0000B4D81 /* SF-Compact-Text-Light.otf */ = {isa = PBXFileReference; lastKnownFileType = file; path = "SF-Compact-Text-Light.otf"; sourceTree = "<group>"; };
		DC10168E2497E6E0000B4D81 /* SF-Compact-Rounded-Bold.otf */ = {isa = PBXFileReference; lastKnownFileType = file; path = "SF-Compact-Rounded-Bold.otf"; sourceTree = "<group>"; };
		DC10168F2497E6E1000B4D81 /* SF-Pro-Text-Medium.otf */ = {isa = PBXFileReference; lastKnownFileType = file; path = "SF-Pro-Text-Medium.otf"; sourceTree = "<group>"; };
		DC1016902497E6E2000B4D81 /* SF-Pro-Text-Semibold.otf */ = {isa = PBXFileReference; lastKnownFileType = file; path = "SF-Pro-Text-Semibold.otf"; sourceTree = "<group>"; };
		DC1016912497E6E3000B4D81 /* SF-Pro-Display-Thin.otf */ = {isa = PBXFileReference; lastKnownFileType = file; path = "SF-Pro-Display-Thin.otf"; sourceTree = "<group>"; };
		DC1016922497E6E3000B4D81 /* SF-Compact-Text-Ultralight.otf */ = {isa = PBXFileReference; lastKnownFileType = file; path = "SF-Compact-Text-Ultralight.otf"; sourceTree = "<group>"; };
		DC1016932497E6E4000B4D81 /* SF-Compact-Text-UltralightItalic.otf */ = {isa = PBXFileReference; lastKnownFileType = file; path = "SF-Compact-Text-UltralightItalic.otf"; sourceTree = "<group>"; };
		DC1016942497E6E5000B4D81 /* SF-Pro-Display-LightItalic.otf */ = {isa = PBXFileReference; lastKnownFileType = file; path = "SF-Pro-Display-LightItalic.otf"; sourceTree = "<group>"; };
		DC1016952497E6E5000B4D81 /* SF-Pro-Display-MediumItalic.otf */ = {isa = PBXFileReference; lastKnownFileType = file; path = "SF-Pro-Display-MediumItalic.otf"; sourceTree = "<group>"; };
		DC1016962497E6E5000B4D81 /* SF-Pro-Text-LightItalic.otf */ = {isa = PBXFileReference; lastKnownFileType = file; path = "SF-Pro-Text-LightItalic.otf"; sourceTree = "<group>"; };
		DC1016972497E6E6000B4D81 /* SF-Compact-Display-Bold.otf */ = {isa = PBXFileReference; lastKnownFileType = file; path = "SF-Compact-Display-Bold.otf"; sourceTree = "<group>"; };
		DC1016982497E6E6000B4D81 /* SF-Pro-Display-Heavy.otf */ = {isa = PBXFileReference; lastKnownFileType = file; path = "SF-Pro-Display-Heavy.otf"; sourceTree = "<group>"; };
		DC1016992497E6E7000B4D81 /* SF-Pro-Text-Bold.otf */ = {isa = PBXFileReference; lastKnownFileType = file; path = "SF-Pro-Text-Bold.otf"; sourceTree = "<group>"; };
		DC10169A2497E6E7000B4D81 /* SF-Pro-Display-Bold.otf */ = {isa = PBXFileReference; lastKnownFileType = file; path = "SF-Pro-Display-Bold.otf"; sourceTree = "<group>"; };
		DC10169B2497E6E8000B4D81 /* SF-Compact-Rounded-Heavy.otf */ = {isa = PBXFileReference; lastKnownFileType = file; path = "SF-Compact-Rounded-Heavy.otf"; sourceTree = "<group>"; };
		DC10169C2497E6E8000B4D81 /* SF-Compact-Text-BoldItalic.otf */ = {isa = PBXFileReference; lastKnownFileType = file; path = "SF-Compact-Text-BoldItalic.otf"; sourceTree = "<group>"; };
		DC10169D2497E6E8000B4D81 /* SF-Compact-Text-BlackItalic.otf */ = {isa = PBXFileReference; lastKnownFileType = file; path = "SF-Compact-Text-BlackItalic.otf"; sourceTree = "<group>"; };
		DC10169E2497E6E9000B4D81 /* SF-Pro-Display-Medium.otf */ = {isa = PBXFileReference; lastKnownFileType = file; path = "SF-Pro-Display-Medium.otf"; sourceTree = "<group>"; };
		DC10169F2497E6E9000B4D81 /* SF-Compact-Rounded-Thin.otf */ = {isa = PBXFileReference; lastKnownFileType = file; path = "SF-Compact-Rounded-Thin.otf"; sourceTree = "<group>"; };
		DC1016A02497E6EA000B4D81 /* SF-Compact-Display-Semibold.otf */ = {isa = PBXFileReference; lastKnownFileType = file; path = "SF-Compact-Display-Semibold.otf"; sourceTree = "<group>"; };
		DC1016A12497E6EA000B4D81 /* SF-Pro-Display-Ultralight.otf */ = {isa = PBXFileReference; lastKnownFileType = file; path = "SF-Pro-Display-Ultralight.otf"; sourceTree = "<group>"; };
		DC1016A22497E6EB000B4D81 /* SF-Pro-Rounded-Thin.otf */ = {isa = PBXFileReference; lastKnownFileType = file; path = "SF-Pro-Rounded-Thin.otf"; sourceTree = "<group>"; };
		DC1016A32497E6EB000B4D81 /* SF-Compact-Text-RegularItalic.otf */ = {isa = PBXFileReference; lastKnownFileType = file; path = "SF-Compact-Text-RegularItalic.otf"; sourceTree = "<group>"; };
		DC1016A42497E6EC000B4D81 /* SF-Compact-Text-Heavy.otf */ = {isa = PBXFileReference; lastKnownFileType = file; path = "SF-Compact-Text-Heavy.otf"; sourceTree = "<group>"; };
		DC1016A52497E6EC000B4D81 /* SF-Compact-Rounded-Light.otf */ = {isa = PBXFileReference; lastKnownFileType = file; path = "SF-Compact-Rounded-Light.otf"; sourceTree = "<group>"; };
		DC1016A62497E6ED000B4D81 /* SF-Pro-Text-ThinItalic.otf */ = {isa = PBXFileReference; lastKnownFileType = file; path = "SF-Pro-Text-ThinItalic.otf"; sourceTree = "<group>"; };
		DC1016A72497E6ED000B4D81 /* SF-Compact-Display-Light.otf */ = {isa = PBXFileReference; lastKnownFileType = file; path = "SF-Compact-Display-Light.otf"; sourceTree = "<group>"; };
		DC1016A82497E6EE000B4D81 /* SF-Pro-Text-Ultralight.otf */ = {isa = PBXFileReference; lastKnownFileType = file; path = "SF-Pro-Text-Ultralight.otf"; sourceTree = "<group>"; };
		DC1016A92497E6EE000B4D81 /* SF-Compact-Display-Medium.otf */ = {isa = PBXFileReference; lastKnownFileType = file; path = "SF-Compact-Display-Medium.otf"; sourceTree = "<group>"; };
		DC1016AA2497E6EF000B4D81 /* SF-Pro-Text-Light.otf */ = {isa = PBXFileReference; lastKnownFileType = file; path = "SF-Pro-Text-Light.otf"; sourceTree = "<group>"; };
		DC1016AB2497E6EF000B4D81 /* SF-Compact-Text-Bold.otf */ = {isa = PBXFileReference; lastKnownFileType = file; path = "SF-Compact-Text-Bold.otf"; sourceTree = "<group>"; };
		DC1016AC2497E6F0000B4D81 /* SF-Compact-Display-Thin.otf */ = {isa = PBXFileReference; lastKnownFileType = file; path = "SF-Compact-Display-Thin.otf"; sourceTree = "<group>"; };
		DC1016AD2497E6F0000B4D81 /* SF-Pro-Display-Regular.otf */ = {isa = PBXFileReference; lastKnownFileType = file; path = "SF-Pro-Display-Regular.otf"; sourceTree = "<group>"; };
		DC1016AE2497E6F1000B4D81 /* SF-Compact-Text-Semibold.otf */ = {isa = PBXFileReference; lastKnownFileType = file; path = "SF-Compact-Text-Semibold.otf"; sourceTree = "<group>"; };
		DC1016AF2497E6F1000B4D81 /* SF-Compact-Rounded-Ultralight.otf */ = {isa = PBXFileReference; lastKnownFileType = file; path = "SF-Compact-Rounded-Ultralight.otf"; sourceTree = "<group>"; };
		DC1016B02497E6F2000B4D81 /* SF-Pro-Display-SemiboldItalic.otf */ = {isa = PBXFileReference; lastKnownFileType = file; path = "SF-Pro-Display-SemiboldItalic.otf"; sourceTree = "<group>"; };
		DC1016B12497E6F2000B4D81 /* SF-Compact-Display-Black.otf */ = {isa = PBXFileReference; lastKnownFileType = file; path = "SF-Compact-Display-Black.otf"; sourceTree = "<group>"; };
		DC1016B22497E6F3000B4D81 /* SF-Compact-Rounded-Medium.otf */ = {isa = PBXFileReference; lastKnownFileType = file; path = "SF-Compact-Rounded-Medium.otf"; sourceTree = "<group>"; };
		DC1016B32497E6F3000B4D81 /* SF-Pro-Display-Light.otf */ = {isa = PBXFileReference; lastKnownFileType = file; path = "SF-Pro-Display-Light.otf"; sourceTree = "<group>"; };
		DC1016B42497E6F4000B4D81 /* SF-Compact-Text-HeavyItalic.otf */ = {isa = PBXFileReference; lastKnownFileType = file; path = "SF-Compact-Text-HeavyItalic.otf"; sourceTree = "<group>"; };
		DC1016B52497E6F4000B4D81 /* SF-Pro-Text-SemiboldItalic.otf */ = {isa = PBXFileReference; lastKnownFileType = file; path = "SF-Pro-Text-SemiboldItalic.otf"; sourceTree = "<group>"; };
		DC1016B62497E6F5000B4D81 /* SF-Compact-Display-Ultralight.otf */ = {isa = PBXFileReference; lastKnownFileType = file; path = "SF-Compact-Display-Ultralight.otf"; sourceTree = "<group>"; };
		DC1016B72497E6F6000B4D81 /* SF-Pro-Display-ThinItalic.otf */ = {isa = PBXFileReference; lastKnownFileType = file; path = "SF-Pro-Display-ThinItalic.otf"; sourceTree = "<group>"; };
		DC1016B82497E6F6000B4D81 /* SF-Compact-Rounded-Semibold.otf */ = {isa = PBXFileReference; lastKnownFileType = file; path = "SF-Compact-Rounded-Semibold.otf"; sourceTree = "<group>"; };
		DC1016B92497E6F7000B4D81 /* SF-Pro-Text-Regular.otf */ = {isa = PBXFileReference; lastKnownFileType = file; path = "SF-Pro-Text-Regular.otf"; sourceTree = "<group>"; };
		DC1016BA2497E6F7000B4D81 /* SF-Pro-Text-BoldItalic.otf */ = {isa = PBXFileReference; lastKnownFileType = file; path = "SF-Pro-Text-BoldItalic.otf"; sourceTree = "<group>"; };
		DC1016BB2497E6F8000B4D81 /* SF-Pro-Text-Thin.otf */ = {isa = PBXFileReference; lastKnownFileType = file; path = "SF-Pro-Text-Thin.otf"; sourceTree = "<group>"; };
		DC1016BC2497E6F8000B4D81 /* SF-Pro-Display-BlackItalic.otf */ = {isa = PBXFileReference; lastKnownFileType = file; path = "SF-Pro-Display-BlackItalic.otf"; sourceTree = "<group>"; };
		DC1016BD2497E6F9000B4D81 /* SF-Compact-Text-SemiboldItalic.otf */ = {isa = PBXFileReference; lastKnownFileType = file; path = "SF-Compact-Text-SemiboldItalic.otf"; sourceTree = "<group>"; };
		DC1016BE2497E6FA000B4D81 /* SF-Pro-Rounded-Regular.otf */ = {isa = PBXFileReference; lastKnownFileType = file; path = "SF-Pro-Rounded-Regular.otf"; sourceTree = "<group>"; };
		DC51117C25B9804700293F0C /* libSDWebImage.a */ = {isa = PBXFileReference; explicitFileType = archive.ar; path = libSDWebImage.a; sourceTree = BUILT_PRODUCTS_DIR; };
		DC799A1825AA01E40037E9B1 /* CombineDetailVC.swift */ = {isa = PBXFileReference; lastKnownFileType = sourcecode.swift; path = CombineDetailVC.swift; sourceTree = "<group>"; };
		DC799A1A25AA021F0037E9B1 /* HeaderView.swift */ = {isa = PBXFileReference; lastKnownFileType = sourcecode.swift; path = HeaderView.swift; sourceTree = "<group>"; };
		DC799A1C25AA02560037E9B1 /* CombineDetailCell.swift */ = {isa = PBXFileReference; lastKnownFileType = sourcecode.swift; path = CombineDetailCell.swift; sourceTree = "<group>"; };
		DC799A1F25AB310E0037E9B1 /* AdminVC.swift */ = {isa = PBXFileReference; lastKnownFileType = sourcecode.swift; path = AdminVC.swift; sourceTree = "<group>"; };
		DC799A2225AB33EB0037E9B1 /* AdminCell.swift */ = {isa = PBXFileReference; lastKnownFileType = sourcecode.swift; path = AdminCell.swift; sourceTree = "<group>"; };
		DC799A2425AB4AC60037E9B1 /* AdminDetailVC.swift */ = {isa = PBXFileReference; lastKnownFileType = sourcecode.swift; path = AdminDetailVC.swift; sourceTree = "<group>"; };
		DC799A2625ADB66B0037E9B1 /* CombineDesignVC.swift */ = {isa = PBXFileReference; lastKnownFileType = sourcecode.swift; path = CombineDesignVC.swift; sourceTree = "<group>"; };
		DCA10F0B2592761700DD22DD /* Protocols.swift */ = {isa = PBXFileReference; lastKnownFileType = sourcecode.swift; path = Protocols.swift; sourceTree = "<group>"; };
		DCA10F0D25934D0F00DD22DD /* GoogleService-Info.plist */ = {isa = PBXFileReference; fileEncoding = 4; lastKnownFileType = text.plist.xml; path = "GoogleService-Info.plist"; sourceTree = "<group>"; };
		DCB5B9EC25A46E230079BEB0 /* SignUpVC.swift */ = {isa = PBXFileReference; lastKnownFileType = sourcecode.swift; path = SignUpVC.swift; sourceTree = "<group>"; };
		DCCD0576248BCFC400105231 /* FashionLine.app */ = {isa = PBXFileReference; explicitFileType = wrapper.application; includeInIndex = 0; path = FashionLine.app; sourceTree = BUILT_PRODUCTS_DIR; };
		DCCD0579248BCFC400105231 /* AppDelegate.swift */ = {isa = PBXFileReference; lastKnownFileType = sourcecode.swift; path = AppDelegate.swift; sourceTree = "<group>"; };
		DCCD057B248BCFC400105231 /* SceneDelegate.swift */ = {isa = PBXFileReference; lastKnownFileType = sourcecode.swift; path = SceneDelegate.swift; sourceTree = "<group>"; };
		DCCD057D248BCFC400105231 /* ViewController.swift */ = {isa = PBXFileReference; lastKnownFileType = sourcecode.swift; path = ViewController.swift; sourceTree = "<group>"; };
		DCCD0582248BCFCD00105231 /* Assets.xcassets */ = {isa = PBXFileReference; lastKnownFileType = folder.assetcatalog; path = Assets.xcassets; sourceTree = "<group>"; };
		DCCD0585248BCFCD00105231 /* Base */ = {isa = PBXFileReference; lastKnownFileType = file.storyboard; name = Base; path = Base.lproj/LaunchScreen.storyboard; sourceTree = "<group>"; };
		DCCD0587248BCFCD00105231 /* Info.plist */ = {isa = PBXFileReference; lastKnownFileType = text.plist.xml; path = Info.plist; sourceTree = "<group>"; };
		DCCD058C248BCFCE00105231 /* FashionLineTests.xctest */ = {isa = PBXFileReference; explicitFileType = wrapper.cfbundle; includeInIndex = 0; path = FashionLineTests.xctest; sourceTree = BUILT_PRODUCTS_DIR; };
		DCCD0597248BCFCE00105231 /* FashionLineUITests.xctest */ = {isa = PBXFileReference; explicitFileType = wrapper.cfbundle; includeInIndex = 0; path = FashionLineUITests.xctest; sourceTree = BUILT_PRODUCTS_DIR; };
		DCCD05AF248BF42500105231 /* LoginVC.swift */ = {isa = PBXFileReference; lastKnownFileType = sourcecode.swift; path = LoginVC.swift; sourceTree = "<group>"; };
		DCCD05B1248BFA5E00105231 /* MainVC.swift */ = {isa = PBXFileReference; lastKnownFileType = sourcecode.swift; path = MainVC.swift; sourceTree = "<group>"; };
		DCCD05B4248E9D5300105231 /* Extensions.swift */ = {isa = PBXFileReference; lastKnownFileType = sourcecode.swift; path = Extensions.swift; sourceTree = "<group>"; };
		DCCD05B6248EB1B000105231 /* FeedVC.swift */ = {isa = PBXFileReference; lastKnownFileType = sourcecode.swift; path = FeedVC.swift; sourceTree = "<group>"; };
		DCCD05B8248EB26100105231 /* CombineVC.swift */ = {isa = PBXFileReference; lastKnownFileType = sourcecode.swift; path = CombineVC.swift; sourceTree = "<group>"; };
		DCCD05BA248EB2FB00105231 /* WardrobeVC.swift */ = {isa = PBXFileReference; lastKnownFileType = sourcecode.swift; path = WardrobeVC.swift; sourceTree = "<group>"; };
		DCFA33512594D3C600680B23 /* Users.swift */ = {isa = PBXFileReference; lastKnownFileType = sourcecode.swift; path = Users.swift; sourceTree = "<group>"; };
		DD3A4D6E055D98A9CD1ADA24 /* Pods-FashionLineTests.release.xcconfig */ = {isa = PBXFileReference; includeInIndex = 1; lastKnownFileType = text.xcconfig; name = "Pods-FashionLineTests.release.xcconfig"; path = "Target Support Files/Pods-FashionLineTests/Pods-FashionLineTests.release.xcconfig"; sourceTree = "<group>"; };
/* End PBXFileReference section */

/* Begin PBXFrameworksBuildPhase section */
		DCCD0573248BCFC400105231 /* Frameworks */ = {
			isa = PBXFrameworksBuildPhase;
			buildActionMask = 2147483647;
			files = (
				B3CD2F183A6D1D7624639847 /* Pods_FashionLine.framework in Frameworks */,
			);
			runOnlyForDeploymentPostprocessing = 0;
		};
		DCCD0589248BCFCE00105231 /* Frameworks */ = {
			isa = PBXFrameworksBuildPhase;
			buildActionMask = 2147483647;
			files = (
				E70B88722FEC3701120610EC /* Pods_FashionLineTests.framework in Frameworks */,
			);
			runOnlyForDeploymentPostprocessing = 0;
		};
		DCCD0594248BCFCE00105231 /* Frameworks */ = {
			isa = PBXFrameworksBuildPhase;
			buildActionMask = 2147483647;
			files = (
				51FDFC375EF2869BEF9D0412 /* Pods_FashionLine_FashionLineUITests.framework in Frameworks */,
			);
			runOnlyForDeploymentPostprocessing = 0;
		};
/* End PBXFrameworksBuildPhase section */

/* Begin PBXGroup section */
		3ED3B4BECAE9B9421372233E /* Frameworks */ = {
			isa = PBXGroup;
			children = (
				DC51117C25B9804700293F0C /* libSDWebImage.a */,
				31700DE73D4D8BBB96E950E5 /* Pods_FashionLine.framework */,
				A3341BE4B99379AA56937684 /* Pods_FashionLine_FashionLineUITests.framework */,
				12C9306F5D32822D50D3A1D0 /* Pods_FashionLineTests.framework */,
			);
			name = Frameworks;
			sourceTree = "<group>";
		};
		9467855F9B358FE993EFF8BC /* Pods */ = {
			isa = PBXGroup;
			children = (
				67C64BA1FE6F2D2DF4802C76 /* Pods-FashionLine.debug.xcconfig */,
				43841F17F90B225AF78DD743 /* Pods-FashionLine.release.xcconfig */,
				DB79B0C63A7D4C0516730F74 /* Pods-FashionLine-FashionLineUITests.debug.xcconfig */,
				9CD4B518448B221744EEB0DC /* Pods-FashionLine-FashionLineUITests.release.xcconfig */,
				196AE803EDAF92615215A56D /* Pods-FashionLineTests.debug.xcconfig */,
				DD3A4D6E055D98A9CD1ADA24 /* Pods-FashionLineTests.release.xcconfig */,
			);
			path = Pods;
			sourceTree = "<group>";
		};
		DC101661249121D0000B4D81 /* View */ = {
			isa = PBXGroup;
			children = (
				DC799A2125AB33D10037E9B1 /* AdminView */,
				DC10166624927C2C000B4D81 /* FeedHeaderCell.swift */,
				DC10166224912231000B4D81 /* FeedCell.swift */,
				DC10166824951A7B000B4D81 /* SubCustomCell.swift */,
				DC10166A24957A2B000B4D81 /* CombinesOfDay.swift */,
				DC799A1A25AA021F0037E9B1 /* HeaderView.swift */,
				DC799A1C25AA02560037E9B1 /* CombineDetailCell.swift */,
			);
			path = View;
			sourceTree = "<group>";
		};
		DC10166C2497E68B000B4D81 /* Fonts */ = {
			isa = PBXGroup;
			children = (
				DC1016B12497E6F2000B4D81 /* SF-Compact-Display-Black.otf */,
				DC1016972497E6E6000B4D81 /* SF-Compact-Display-Bold.otf */,
				DC1016872497E6DD000B4D81 /* SF-Compact-Display-Heavy.otf */,
				DC1016A72497E6ED000B4D81 /* SF-Compact-Display-Light.otf */,
				DC1016A92497E6EE000B4D81 /* SF-Compact-Display-Medium.otf */,
				DC1016852497E6DC000B4D81 /* SF-Compact-Display-Regular.otf */,
				DC1016A02497E6EA000B4D81 /* SF-Compact-Display-Semibold.otf */,
				DC1016AC2497E6F0000B4D81 /* SF-Compact-Display-Thin.otf */,
				DC1016B62497E6F5000B4D81 /* SF-Compact-Display-Ultralight.otf */,
				DC1016812497E6D9000B4D81 /* SF-Compact-Rounded-Black.otf */,
				DC10168E2497E6E0000B4D81 /* SF-Compact-Rounded-Bold.otf */,
				DC10169B2497E6E8000B4D81 /* SF-Compact-Rounded-Heavy.otf */,
				DC1016A52497E6EC000B4D81 /* SF-Compact-Rounded-Light.otf */,
				DC1016B22497E6F3000B4D81 /* SF-Compact-Rounded-Medium.otf */,
				DC1016752497E6D5000B4D81 /* SF-Compact-Rounded-Regular.otf */,
				DC1016B82497E6F6000B4D81 /* SF-Compact-Rounded-Semibold.otf */,
				DC10169F2497E6E9000B4D81 /* SF-Compact-Rounded-Thin.otf */,
				DC1016AF2497E6F1000B4D81 /* SF-Compact-Rounded-Ultralight.otf */,
				DC10166F2497E6D3000B4D81 /* SF-Compact-Text-Black.otf */,
				DC10169D2497E6E8000B4D81 /* SF-Compact-Text-BlackItalic.otf */,
				DC1016AB2497E6EF000B4D81 /* SF-Compact-Text-Bold.otf */,
				DC10169C2497E6E8000B4D81 /* SF-Compact-Text-BoldItalic.otf */,
				DC1016A42497E6EC000B4D81 /* SF-Compact-Text-Heavy.otf */,
				DC1016B42497E6F4000B4D81 /* SF-Compact-Text-HeavyItalic.otf */,
				DC10168D2497E6E0000B4D81 /* SF-Compact-Text-Light.otf */,
				DC10168A2497E6DE000B4D81 /* SF-Compact-Text-LightItalic.otf */,
				DC1016722497E6D4000B4D81 /* SF-Compact-Text-Medium.otf */,
				DC10168C2497E6DF000B4D81 /* SF-Compact-Text-MediumItalic.otf */,
				DC1016832497E6DA000B4D81 /* SF-Compact-Text-Regular.otf */,
				DC1016A32497E6EB000B4D81 /* SF-Compact-Text-RegularItalic.otf */,
				DC1016AE2497E6F1000B4D81 /* SF-Compact-Text-Semibold.otf */,
				DC1016BD2497E6F9000B4D81 /* SF-Compact-Text-SemiboldItalic.otf */,
				DC1016882497E6DD000B4D81 /* SF-Compact-Text-Thin.otf */,
				DC1016732497E6D4000B4D81 /* SF-Compact-Text-ThinItalic.otf */,
				DC1016922497E6E3000B4D81 /* SF-Compact-Text-Ultralight.otf */,
				DC1016932497E6E4000B4D81 /* SF-Compact-Text-UltralightItalic.otf */,
				DC1016792497E6D6000B4D81 /* SF-Pro-Display-Black.otf */,
				DC1016BC2497E6F8000B4D81 /* SF-Pro-Display-BlackItalic.otf */,
				DC10169A2497E6E7000B4D81 /* SF-Pro-Display-Bold.otf */,
				DC1016772497E6D6000B4D81 /* SF-Pro-Display-BoldItalic.otf */,
				DC1016982497E6E6000B4D81 /* SF-Pro-Display-Heavy.otf */,
				DC10167C2497E6D7000B4D81 /* SF-Pro-Display-HeavyItalic.otf */,
				DC1016B32497E6F3000B4D81 /* SF-Pro-Display-Light.otf */,
				DC1016942497E6E5000B4D81 /* SF-Pro-Display-LightItalic.otf */,
				DC10169E2497E6E9000B4D81 /* SF-Pro-Display-Medium.otf */,
				DC1016952497E6E5000B4D81 /* SF-Pro-Display-MediumItalic.otf */,
				DC1016AD2497E6F0000B4D81 /* SF-Pro-Display-Regular.otf */,
				DC1016742497E6D4000B4D81 /* SF-Pro-Display-RegularItalic.otf */,
				DC10167D2497E6D8000B4D81 /* SF-Pro-Display-Semibold.otf */,
				DC1016B02497E6F2000B4D81 /* SF-Pro-Display-SemiboldItalic.otf */,
				DC1016912497E6E3000B4D81 /* SF-Pro-Display-Thin.otf */,
				DC1016B72497E6F6000B4D81 /* SF-Pro-Display-ThinItalic.otf */,
				DC1016A12497E6EA000B4D81 /* SF-Pro-Display-Ultralight.otf */,
				DC10166E2497E6D3000B4D81 /* SF-Pro-Display-UltralightItalic.otf */,
				DC10167E2497E6D8000B4D81 /* SF-Pro-Rounded-Black.otf */,
				DC1016842497E6DB000B4D81 /* SF-Pro-Rounded-Bold.otf */,
				DC10166D2497E6D3000B4D81 /* SF-Pro-Rounded-Heavy.otf */,
				DC1016712497E6D4000B4D81 /* SF-Pro-Rounded-Light.otf */,
				DC1016862497E6DC000B4D81 /* SF-Pro-Rounded-Medium.otf */,
				DC1016BE2497E6FA000B4D81 /* SF-Pro-Rounded-Regular.otf */,
				DC10167B2497E6D7000B4D81 /* SF-Pro-Rounded-Semibold.otf */,
				DC1016A22497E6EB000B4D81 /* SF-Pro-Rounded-Thin.otf */,
				DC1016762497E6D5000B4D81 /* SF-Pro-Rounded-Ultralight.otf */,
				DC1016892497E6DD000B4D81 /* SF-Pro-Text-Black.otf */,
				DC1016702497E6D3000B4D81 /* SF-Pro-Text-BlackItalic.otf */,
				DC1016992497E6E7000B4D81 /* SF-Pro-Text-Bold.otf */,
				DC1016BA2497E6F7000B4D81 /* SF-Pro-Text-BoldItalic.otf */,
				DC10168B2497E6DF000B4D81 /* SF-Pro-Text-Heavy.otf */,
				DC10167F2497E6D8000B4D81 /* SF-Pro-Text-HeavyItalic.otf */,
				DC1016AA2497E6EF000B4D81 /* SF-Pro-Text-Light.otf */,
				DC1016962497E6E5000B4D81 /* SF-Pro-Text-LightItalic.otf */,
				DC10168F2497E6E1000B4D81 /* SF-Pro-Text-Medium.otf */,
				DC1016782497E6D6000B4D81 /* SF-Pro-Text-MediumItalic.otf */,
				DC1016B92497E6F7000B4D81 /* SF-Pro-Text-Regular.otf */,
				DC1016802497E6D9000B4D81 /* SF-Pro-Text-RegularItalic.otf */,
				DC1016902497E6E2000B4D81 /* SF-Pro-Text-Semibold.otf */,
				DC1016B52497E6F4000B4D81 /* SF-Pro-Text-SemiboldItalic.otf */,
				DC1016BB2497E6F8000B4D81 /* SF-Pro-Text-Thin.otf */,
				DC1016A62497E6ED000B4D81 /* SF-Pro-Text-ThinItalic.otf */,
				DC1016A82497E6EE000B4D81 /* SF-Pro-Text-Ultralight.otf */,
				DC10167A2497E6D7000B4D81 /* SF-Pro-Text-UltralightItalic.otf */,
			);
			path = Fonts;
			sourceTree = "<group>";
		};
		DC799A1E25AB30920037E9B1 /* AdminController */ = {
			isa = PBXGroup;
			children = (
				DC799A1F25AB310E0037E9B1 /* AdminVC.swift */,
				DC799A2425AB4AC60037E9B1 /* AdminDetailVC.swift */,
				DC799A2625ADB66B0037E9B1 /* CombineDesignVC.swift */,
			);
			path = AdminController;
			sourceTree = "<group>";
		};
		DC799A2125AB33D10037E9B1 /* AdminView */ = {
			isa = PBXGroup;
			children = (
				DC799A2225AB33EB0037E9B1 /* AdminCell.swift */,
			);
			path = AdminView;
			sourceTree = "<group>";
		};
		DCCD056D248BCFC400105231 = {
			isa = PBXGroup;
			children = (
				DCA10F0D25934D0F00DD22DD /* GoogleService-Info.plist */,
				DCCD0578248BCFC400105231 /* FashionLine */,
				DCCD0577248BCFC400105231 /* Products */,
				DC10166C2497E68B000B4D81 /* Fonts */,
				9467855F9B358FE993EFF8BC /* Pods */,
				3ED3B4BECAE9B9421372233E /* Frameworks */,
			);
			sourceTree = "<group>";
		};
		DCCD0577248BCFC400105231 /* Products */ = {
			isa = PBXGroup;
			children = (
				DCCD0576248BCFC400105231 /* FashionLine.app */,
				DCCD058C248BCFCE00105231 /* FashionLineTests.xctest */,
				DCCD0597248BCFCE00105231 /* FashionLineUITests.xctest */,
			);
			name = Products;
			sourceTree = "<group>";
		};
		DCCD0578248BCFC400105231 /* FashionLine */ = {
			isa = PBXGroup;
			children = (
				DCCD05B3248E9D3200105231 /* Utilities */,
				DCFA33502594D3A800680B23 /* Model */,
				DC101661249121D0000B4D81 /* View */,
				DCCD05A9248BE52A00105231 /* Controller */,
				DCCD0579248BCFC400105231 /* AppDelegate.swift */,
				DCCD057B248BCFC400105231 /* SceneDelegate.swift */,
				DCCD057D248BCFC400105231 /* ViewController.swift */,
				DCCD0582248BCFCD00105231 /* Assets.xcassets */,
				DCCD0584248BCFCD00105231 /* LaunchScreen.storyboard */,
				DCCD0587248BCFCD00105231 /* Info.plist */,
			);
			path = FashionLine;
			sourceTree = "<group>";
		};
		DCCD05A9248BE52A00105231 /* Controller */ = {
			isa = PBXGroup;
			children = (
				DC799A1E25AB30920037E9B1 /* AdminController */,
				DCCD05AE248BF40000105231 /* Login */,
				DCCD05B1248BFA5E00105231 /* MainVC.swift */,
				DCCD05B6248EB1B000105231 /* FeedVC.swift */,
				DCCD05B8248EB26100105231 /* CombineVC.swift */,
				DCCD05BA248EB2FB00105231 /* WardrobeVC.swift */,
				DC799A1825AA01E40037E9B1 /* CombineDetailVC.swift */,
			);
			path = Controller;
			sourceTree = "<group>";
		};
		DCCD05AE248BF40000105231 /* Login */ = {
			isa = PBXGroup;
			children = (
				DCCD05AF248BF42500105231 /* LoginVC.swift */,
				DCB5B9EC25A46E230079BEB0 /* SignUpVC.swift */,
			);
			path = Login;
			sourceTree = "<group>";
		};
		DCCD05B3248E9D3200105231 /* Utilities */ = {
			isa = PBXGroup;
			children = (
				DCCD05B4248E9D5300105231 /* Extensions.swift */,
				DC101664249125F2000B4D81 /* CustomImageView.swift */,
				DCA10F0B2592761700DD22DD /* Protocols.swift */,
			);
			path = Utilities;
			sourceTree = "<group>";
		};
		DCFA33502594D3A800680B23 /* Model */ = {
			isa = PBXGroup;
			children = (
				DCFA33512594D3C600680B23 /* Users.swift */,
			);
			path = Model;
			sourceTree = "<group>";
		};
/* End PBXGroup section */

/* Begin PBXNativeTarget section */
		DCCD0575248BCFC400105231 /* FashionLine */ = {
			isa = PBXNativeTarget;
			buildConfigurationList = DCCD05A0248BCFCE00105231 /* Build configuration list for PBXNativeTarget "FashionLine" */;
			buildPhases = (
				012DD9C0D0B741E2E72C7D1D /* [CP] Check Pods Manifest.lock */,
				DCCD0572248BCFC400105231 /* Sources */,
				DCCD0573248BCFC400105231 /* Frameworks */,
				DCCD0574248BCFC400105231 /* Resources */,
				B1B392C0D061AEE2048D7BE2 /* [CP] Embed Pods Frameworks */,
			);
			buildRules = (
			);
			dependencies = (
			);
			name = FashionLine;
			productName = FashionLine;
			productReference = DCCD0576248BCFC400105231 /* FashionLine.app */;
			productType = "com.apple.product-type.application";
		};
		DCCD058B248BCFCE00105231 /* FashionLineTests */ = {
			isa = PBXNativeTarget;
			buildConfigurationList = DCCD05A3248BCFCE00105231 /* Build configuration list for PBXNativeTarget "FashionLineTests" */;
			buildPhases = (
				488DA2CF3B3E7FD25F8AF0A4 /* [CP] Check Pods Manifest.lock */,
				DCCD0588248BCFCE00105231 /* Sources */,
				DCCD0589248BCFCE00105231 /* Frameworks */,
				DCCD058A248BCFCE00105231 /* Resources */,
			);
			buildRules = (
			);
			dependencies = (
				DCCD058E248BCFCE00105231 /* PBXTargetDependency */,
			);
			name = FashionLineTests;
			productName = FashionLineTests;
			productReference = DCCD058C248BCFCE00105231 /* FashionLineTests.xctest */;
			productType = "com.apple.product-type.bundle.unit-test";
		};
		DCCD0596248BCFCE00105231 /* FashionLineUITests */ = {
			isa = PBXNativeTarget;
			buildConfigurationList = DCCD05A6248BCFCE00105231 /* Build configuration list for PBXNativeTarget "FashionLineUITests" */;
			buildPhases = (
				45B15D408728417050B5FD3F /* [CP] Check Pods Manifest.lock */,
				DCCD0593248BCFCE00105231 /* Sources */,
				DCCD0594248BCFCE00105231 /* Frameworks */,
				DCCD0595248BCFCE00105231 /* Resources */,
				613D6F8EB0E00AF7F9F58E59 /* [CP] Embed Pods Frameworks */,
			);
			buildRules = (
			);
			dependencies = (
				DCCD0599248BCFCE00105231 /* PBXTargetDependency */,
			);
			name = FashionLineUITests;
			productName = FashionLineUITests;
			productReference = DCCD0597248BCFCE00105231 /* FashionLineUITests.xctest */;
			productType = "com.apple.product-type.bundle.ui-testing";
		};
/* End PBXNativeTarget section */

/* Begin PBXProject section */
		DCCD056E248BCFC400105231 /* Project object */ = {
			isa = PBXProject;
			attributes = {
				LastSwiftUpdateCheck = 1130;
				LastUpgradeCheck = 1130;
				ORGANIZATIONNAME = "Furkan Y.";
				TargetAttributes = {
					DCCD0575248BCFC400105231 = {
						CreatedOnToolsVersion = 11.3.1;
					};
					DCCD058B248BCFCE00105231 = {
						CreatedOnToolsVersion = 11.3.1;
						TestTargetID = DCCD0575248BCFC400105231;
					};
					DCCD0596248BCFCE00105231 = {
						CreatedOnToolsVersion = 11.3.1;
						TestTargetID = DCCD0575248BCFC400105231;
					};
				};
			};
			buildConfigurationList = DCCD0571248BCFC400105231 /* Build configuration list for PBXProject "FashionLine" */;
			compatibilityVersion = "Xcode 9.3";
			developmentRegion = en;
			hasScannedForEncodings = 0;
			knownRegions = (
				en,
				Base,
			);
			mainGroup = DCCD056D248BCFC400105231;
			productRefGroup = DCCD0577248BCFC400105231 /* Products */;
			projectDirPath = "";
			projectRoot = "";
			targets = (
				DCCD0575248BCFC400105231 /* FashionLine */,
				DCCD058B248BCFCE00105231 /* FashionLineTests */,
				DCCD0596248BCFCE00105231 /* FashionLineUITests */,
			);
		};
/* End PBXProject section */

/* Begin PBXResourcesBuildPhase section */
		DCCD0574248BCFC400105231 /* Resources */ = {
			isa = PBXResourcesBuildPhase;
			buildActionMask = 2147483647;
			files = (
				DC1016C42497EB7B000B4D81 /* SF-Pro-Text-MediumItalic.otf in Resources */,
				DC1016C32497EA28000B4D81 /* SF-Pro-Text-Medium.otf in Resources */,
				DCA10F0E25934D1100DD22DD /* GoogleService-Info.plist in Resources */,
				DC1016C22497E9E6000B4D81 /* SF-Pro-Text-Regular.otf in Resources */,
				DC1016C12497E964000B4D81 /* SF-Pro-Display-Regular.otf in Resources */,
				DC1016C02497E8DD000B4D81 /* SF-Pro-Display-RegularItalic.otf in Resources */,
				DC1016BF2497E820000B4D81 /* SF-Pro-Display-Bold.otf in Resources */,
				DCCD0586248BCFCD00105231 /* LaunchScreen.storyboard in Resources */,
				DCCD0583248BCFCD00105231 /* Assets.xcassets in Resources */,
			);
			runOnlyForDeploymentPostprocessing = 0;
		};
		DCCD058A248BCFCE00105231 /* Resources */ = {
			isa = PBXResourcesBuildPhase;
			buildActionMask = 2147483647;
			files = (
			);
			runOnlyForDeploymentPostprocessing = 0;
		};
		DCCD0595248BCFCE00105231 /* Resources */ = {
			isa = PBXResourcesBuildPhase;
			buildActionMask = 2147483647;
			files = (
			);
			runOnlyForDeploymentPostprocessing = 0;
		};
/* End PBXResourcesBuildPhase section */

/* Begin PBXShellScriptBuildPhase section */
		012DD9C0D0B741E2E72C7D1D /* [CP] Check Pods Manifest.lock */ = {
			isa = PBXShellScriptBuildPhase;
			buildActionMask = 2147483647;
			files = (
			);
			inputFileListPaths = (
			);
			inputPaths = (
				"${PODS_PODFILE_DIR_PATH}/Podfile.lock",
				"${PODS_ROOT}/Manifest.lock",
			);
			name = "[CP] Check Pods Manifest.lock";
			outputFileListPaths = (
			);
			outputPaths = (
				"$(DERIVED_FILE_DIR)/Pods-FashionLine-checkManifestLockResult.txt",
			);
			runOnlyForDeploymentPostprocessing = 0;
			shellPath = /bin/sh;
			shellScript = "diff \"${PODS_PODFILE_DIR_PATH}/Podfile.lock\" \"${PODS_ROOT}/Manifest.lock\" > /dev/null\nif [ $? != 0 ] ; then\n    # print error to STDERR\n    echo \"error: The sandbox is not in sync with the Podfile.lock. Run 'pod install' or update your CocoaPods installation.\" >&2\n    exit 1\nfi\n# This output is used by Xcode 'outputs' to avoid re-running this script phase.\necho \"SUCCESS\" > \"${SCRIPT_OUTPUT_FILE_0}\"\n";
			showEnvVarsInLog = 0;
		};
		45B15D408728417050B5FD3F /* [CP] Check Pods Manifest.lock */ = {
			isa = PBXShellScriptBuildPhase;
			buildActionMask = 2147483647;
			files = (
			);
			inputFileListPaths = (
			);
			inputPaths = (
				"${PODS_PODFILE_DIR_PATH}/Podfile.lock",
				"${PODS_ROOT}/Manifest.lock",
			);
			name = "[CP] Check Pods Manifest.lock";
			outputFileListPaths = (
			);
			outputPaths = (
				"$(DERIVED_FILE_DIR)/Pods-FashionLine-FashionLineUITests-checkManifestLockResult.txt",
			);
			runOnlyForDeploymentPostprocessing = 0;
			shellPath = /bin/sh;
			shellScript = "diff \"${PODS_PODFILE_DIR_PATH}/Podfile.lock\" \"${PODS_ROOT}/Manifest.lock\" > /dev/null\nif [ $? != 0 ] ; then\n    # print error to STDERR\n    echo \"error: The sandbox is not in sync with the Podfile.lock. Run 'pod install' or update your CocoaPods installation.\" >&2\n    exit 1\nfi\n# This output is used by Xcode 'outputs' to avoid re-running this script phase.\necho \"SUCCESS\" > \"${SCRIPT_OUTPUT_FILE_0}\"\n";
			showEnvVarsInLog = 0;
		};
		488DA2CF3B3E7FD25F8AF0A4 /* [CP] Check Pods Manifest.lock */ = {
			isa = PBXShellScriptBuildPhase;
			buildActionMask = 2147483647;
			files = (
			);
			inputFileListPaths = (
			);
			inputPaths = (
				"${PODS_PODFILE_DIR_PATH}/Podfile.lock",
				"${PODS_ROOT}/Manifest.lock",
			);
			name = "[CP] Check Pods Manifest.lock";
			outputFileListPaths = (
			);
			outputPaths = (
				"$(DERIVED_FILE_DIR)/Pods-FashionLineTests-checkManifestLockResult.txt",
			);
			runOnlyForDeploymentPostprocessing = 0;
			shellPath = /bin/sh;
			shellScript = "diff \"${PODS_PODFILE_DIR_PATH}/Podfile.lock\" \"${PODS_ROOT}/Manifest.lock\" > /dev/null\nif [ $? != 0 ] ; then\n    # print error to STDERR\n    echo \"error: The sandbox is not in sync with the Podfile.lock. Run 'pod install' or update your CocoaPods installation.\" >&2\n    exit 1\nfi\n# This output is used by Xcode 'outputs' to avoid re-running this script phase.\necho \"SUCCESS\" > \"${SCRIPT_OUTPUT_FILE_0}\"\n";
			showEnvVarsInLog = 0;
		};
		613D6F8EB0E00AF7F9F58E59 /* [CP] Embed Pods Frameworks */ = {
			isa = PBXShellScriptBuildPhase;
			buildActionMask = 2147483647;
			files = (
			);
			inputFileListPaths = (
				"${PODS_ROOT}/Target Support Files/Pods-FashionLine-FashionLineUITests/Pods-FashionLine-FashionLineUITests-frameworks-${CONFIGURATION}-input-files.xcfilelist",
			);
			name = "[CP] Embed Pods Frameworks";
			outputFileListPaths = (
				"${PODS_ROOT}/Target Support Files/Pods-FashionLine-FashionLineUITests/Pods-FashionLine-FashionLineUITests-frameworks-${CONFIGURATION}-output-files.xcfilelist",
			);
			runOnlyForDeploymentPostprocessing = 0;
			shellPath = /bin/sh;
			shellScript = "\"${PODS_ROOT}/Target Support Files/Pods-FashionLine-FashionLineUITests/Pods-FashionLine-FashionLineUITests-frameworks.sh\"\n";
			showEnvVarsInLog = 0;
		};
		B1B392C0D061AEE2048D7BE2 /* [CP] Embed Pods Frameworks */ = {
			isa = PBXShellScriptBuildPhase;
			buildActionMask = 2147483647;
			files = (
			);
			inputFileListPaths = (
				"${PODS_ROOT}/Target Support Files/Pods-FashionLine/Pods-FashionLine-frameworks-${CONFIGURATION}-input-files.xcfilelist",
			);
			name = "[CP] Embed Pods Frameworks";
			outputFileListPaths = (
				"${PODS_ROOT}/Target Support Files/Pods-FashionLine/Pods-FashionLine-frameworks-${CONFIGURATION}-output-files.xcfilelist",
			);
			runOnlyForDeploymentPostprocessing = 0;
			shellPath = /bin/sh;
			shellScript = "\"${PODS_ROOT}/Target Support Files/Pods-FashionLine/Pods-FashionLine-frameworks.sh\"\n";
			showEnvVarsInLog = 0;
		};
/* End PBXShellScriptBuildPhase section */

/* Begin PBXSourcesBuildPhase section */
		DCCD0572248BCFC400105231 /* Sources */ = {
			isa = PBXSourcesBuildPhase;
			buildActionMask = 2147483647;
			files = (
				DCA10F0C2592761700DD22DD /* Protocols.swift in Sources */,
				DC10166724927C2D000B4D81 /* FeedHeaderCell.swift in Sources */,
				DCCD05B9248EB26100105231 /* CombineVC.swift in Sources */,
				DC10166924951A7B000B4D81 /* SubCustomCell.swift in Sources */,
				DC10166324912231000B4D81 /* FeedCell.swift in Sources */,
				DCCD057E248BCFC400105231 /* ViewController.swift in Sources */,
				DC799A1B25AA021F0037E9B1 /* HeaderView.swift in Sources */,
				DC799A2025AB310E0037E9B1 /* AdminVC.swift in Sources */,
				DCCD05B7248EB1B000105231 /* FeedVC.swift in Sources */,
				DC799A1925AA01E40037E9B1 /* CombineDetailVC.swift in Sources */,
				DCCD05B5248E9D5300105231 /* Extensions.swift in Sources */,
				DCFA33522594D3C600680B23 /* Users.swift in Sources */,
				DC10166B24957A2B000B4D81 /* CombinesOfDay.swift in Sources */,
				DCCD05B2248BFA5E00105231 /* MainVC.swift in Sources */,
				DC799A2525AB4AC60037E9B1 /* AdminDetailVC.swift in Sources */,
				DCCD05BB248EB2FB00105231 /* WardrobeVC.swift in Sources */,
				DC799A2725ADB66B0037E9B1 /* CombineDesignVC.swift in Sources */,
				DC799A1D25AA02560037E9B1 /* CombineDetailCell.swift in Sources */,
				DC101665249125F2000B4D81 /* CustomImageView.swift in Sources */,
				DC799A2325AB33EB0037E9B1 /* AdminCell.swift in Sources */,
				DCCD057A248BCFC400105231 /* AppDelegate.swift in Sources */,
				DCCD05B0248BF42500105231 /* LoginVC.swift in Sources */,
				DCCD057C248BCFC400105231 /* SceneDelegate.swift in Sources */,
				DCB5B9ED25A46E230079BEB0 /* SignUpVC.swift in Sources */,
			);
			runOnlyForDeploymentPostprocessing = 0;
		};
		DCCD0588248BCFCE00105231 /* Sources */ = {
			isa = PBXSourcesBuildPhase;
			buildActionMask = 2147483647;
			files = (
			);
			runOnlyForDeploymentPostprocessing = 0;
		};
		DCCD0593248BCFCE00105231 /* Sources */ = {
			isa = PBXSourcesBuildPhase;
			buildActionMask = 2147483647;
			files = (
			);
			runOnlyForDeploymentPostprocessing = 0;
		};
/* End PBXSourcesBuildPhase section */

/* Begin PBXTargetDependency section */
		DCCD058E248BCFCE00105231 /* PBXTargetDependency */ = {
			isa = PBXTargetDependency;
			target = DCCD0575248BCFC400105231 /* FashionLine */;
			targetProxy = DCCD058D248BCFCE00105231 /* PBXContainerItemProxy */;
		};
		DCCD0599248BCFCE00105231 /* PBXTargetDependency */ = {
			isa = PBXTargetDependency;
			target = DCCD0575248BCFC400105231 /* FashionLine */;
			targetProxy = DCCD0598248BCFCE00105231 /* PBXContainerItemProxy */;
		};
/* End PBXTargetDependency section */

/* Begin PBXVariantGroup section */
		DCCD0584248BCFCD00105231 /* LaunchScreen.storyboard */ = {
			isa = PBXVariantGroup;
			children = (
				DCCD0585248BCFCD00105231 /* Base */,
			);
			name = LaunchScreen.storyboard;
			sourceTree = "<group>";
		};
/* End PBXVariantGroup section */

/* Begin XCBuildConfiguration section */
		DCCD059E248BCFCE00105231 /* Debug */ = {
			isa = XCBuildConfiguration;
			buildSettings = {
				ALWAYS_SEARCH_USER_PATHS = NO;
				CLANG_ANALYZER_NONNULL = YES;
				CLANG_ANALYZER_NUMBER_OBJECT_CONVERSION = YES_AGGRESSIVE;
				CLANG_CXX_LANGUAGE_STANDARD = "gnu++14";
				CLANG_CXX_LIBRARY = "libc++";
				CLANG_ENABLE_MODULES = YES;
				CLANG_ENABLE_OBJC_ARC = YES;
				CLANG_ENABLE_OBJC_WEAK = YES;
				CLANG_WARN_BLOCK_CAPTURE_AUTORELEASING = YES;
				CLANG_WARN_BOOL_CONVERSION = YES;
				CLANG_WARN_COMMA = YES;
				CLANG_WARN_CONSTANT_CONVERSION = YES;
				CLANG_WARN_DEPRECATED_OBJC_IMPLEMENTATIONS = YES;
				CLANG_WARN_DIRECT_OBJC_ISA_USAGE = YES_ERROR;
				CLANG_WARN_DOCUMENTATION_COMMENTS = YES;
				CLANG_WARN_EMPTY_BODY = YES;
				CLANG_WARN_ENUM_CONVERSION = YES;
				CLANG_WARN_INFINITE_RECURSION = YES;
				CLANG_WARN_INT_CONVERSION = YES;
				CLANG_WARN_NON_LITERAL_NULL_CONVERSION = YES;
				CLANG_WARN_OBJC_IMPLICIT_RETAIN_SELF = YES;
				CLANG_WARN_OBJC_LITERAL_CONVERSION = YES;
				CLANG_WARN_OBJC_ROOT_CLASS = YES_ERROR;
				CLANG_WARN_RANGE_LOOP_ANALYSIS = YES;
				CLANG_WARN_STRICT_PROTOTYPES = YES;
				CLANG_WARN_SUSPICIOUS_MOVE = YES;
				CLANG_WARN_UNGUARDED_AVAILABILITY = YES_AGGRESSIVE;
				CLANG_WARN_UNREACHABLE_CODE = YES;
				CLANG_WARN__DUPLICATE_METHOD_MATCH = YES;
				COPY_PHASE_STRIP = NO;
				DEBUG_INFORMATION_FORMAT = dwarf;
				ENABLE_STRICT_OBJC_MSGSEND = YES;
				ENABLE_TESTABILITY = YES;
				GCC_C_LANGUAGE_STANDARD = gnu11;
				GCC_DYNAMIC_NO_PIC = NO;
				GCC_NO_COMMON_BLOCKS = YES;
				GCC_OPTIMIZATION_LEVEL = 0;
				GCC_PREPROCESSOR_DEFINITIONS = (
					"DEBUG=1",
					"$(inherited)",
				);
				GCC_WARN_64_TO_32_BIT_CONVERSION = YES;
				GCC_WARN_ABOUT_RETURN_TYPE = YES_ERROR;
				GCC_WARN_UNDECLARED_SELECTOR = YES;
				GCC_WARN_UNINITIALIZED_AUTOS = YES_AGGRESSIVE;
				GCC_WARN_UNUSED_FUNCTION = YES;
				GCC_WARN_UNUSED_VARIABLE = YES;
				IPHONEOS_DEPLOYMENT_TARGET = 13.3;
				MTL_ENABLE_DEBUG_INFO = INCLUDE_SOURCE;
				MTL_FAST_MATH = YES;
				ONLY_ACTIVE_ARCH = YES;
				SDKROOT = iphoneos;
				SWIFT_ACTIVE_COMPILATION_CONDITIONS = DEBUG;
				SWIFT_OPTIMIZATION_LEVEL = "-Onone";
			};
			name = Debug;
		};
		DCCD059F248BCFCE00105231 /* Release */ = {
			isa = XCBuildConfiguration;
			buildSettings = {
				ALWAYS_SEARCH_USER_PATHS = NO;
				CLANG_ANALYZER_NONNULL = YES;
				CLANG_ANALYZER_NUMBER_OBJECT_CONVERSION = YES_AGGRESSIVE;
				CLANG_CXX_LANGUAGE_STANDARD = "gnu++14";
				CLANG_CXX_LIBRARY = "libc++";
				CLANG_ENABLE_MODULES = YES;
				CLANG_ENABLE_OBJC_ARC = YES;
				CLANG_ENABLE_OBJC_WEAK = YES;
				CLANG_WARN_BLOCK_CAPTURE_AUTORELEASING = YES;
				CLANG_WARN_BOOL_CONVERSION = YES;
				CLANG_WARN_COMMA = YES;
				CLANG_WARN_CONSTANT_CONVERSION = YES;
				CLANG_WARN_DEPRECATED_OBJC_IMPLEMENTATIONS = YES;
				CLANG_WARN_DIRECT_OBJC_ISA_USAGE = YES_ERROR;
				CLANG_WARN_DOCUMENTATION_COMMENTS = YES;
				CLANG_WARN_EMPTY_BODY = YES;
				CLANG_WARN_ENUM_CONVERSION = YES;
				CLANG_WARN_INFINITE_RECURSION = YES;
				CLANG_WARN_INT_CONVERSION = YES;
				CLANG_WARN_NON_LITERAL_NULL_CONVERSION = YES;
				CLANG_WARN_OBJC_IMPLICIT_RETAIN_SELF = YES;
				CLANG_WARN_OBJC_LITERAL_CONVERSION = YES;
				CLANG_WARN_OBJC_ROOT_CLASS = YES_ERROR;
				CLANG_WARN_RANGE_LOOP_ANALYSIS = YES;
				CLANG_WARN_STRICT_PROTOTYPES = YES;
				CLANG_WARN_SUSPICIOUS_MOVE = YES;
				CLANG_WARN_UNGUARDED_AVAILABILITY = YES_AGGRESSIVE;
				CLANG_WARN_UNREACHABLE_CODE = YES;
				CLANG_WARN__DUPLICATE_METHOD_MATCH = YES;
				COPY_PHASE_STRIP = NO;
				DEBUG_INFORMATION_FORMAT = "dwarf-with-dsym";
				ENABLE_NS_ASSERTIONS = NO;
				ENABLE_STRICT_OBJC_MSGSEND = YES;
				GCC_C_LANGUAGE_STANDARD = gnu11;
				GCC_NO_COMMON_BLOCKS = YES;
				GCC_WARN_64_TO_32_BIT_CONVERSION = YES;
				GCC_WARN_ABOUT_RETURN_TYPE = YES_ERROR;
				GCC_WARN_UNDECLARED_SELECTOR = YES;
				GCC_WARN_UNINITIALIZED_AUTOS = YES_AGGRESSIVE;
				GCC_WARN_UNUSED_FUNCTION = YES;
				GCC_WARN_UNUSED_VARIABLE = YES;
				IPHONEOS_DEPLOYMENT_TARGET = 13.3;
				MTL_ENABLE_DEBUG_INFO = NO;
				MTL_FAST_MATH = YES;
				SDKROOT = iphoneos;
				SWIFT_COMPILATION_MODE = wholemodule;
				SWIFT_OPTIMIZATION_LEVEL = "-O";
				VALIDATE_PRODUCT = YES;
			};
			name = Release;
		};
		DCCD05A1248BCFCE00105231 /* Debug */ = {
			isa = XCBuildConfiguration;
			baseConfigurationReference = 67C64BA1FE6F2D2DF4802C76 /* Pods-FashionLine.debug.xcconfig */;
			buildSettings = {
				ASSETCATALOG_COMPILER_APPICON_NAME = AppIcon;
				CODE_SIGN_IDENTITY = "Apple Development";
				CODE_SIGN_STYLE = Automatic;
				DEVELOPMENT_TEAM = 7LL7Q7JGQ9;
				INFOPLIST_FILE = FashionLine/Info.plist;
				LD_RUNPATH_SEARCH_PATHS = (
					"$(inherited)",
					"@executable_path/Frameworks",
				);
				PRODUCT_BUNDLE_IDENTIFIER = FashionLineLabs.FashionLine.FurkanYigitAkyildiz;
				PRODUCT_NAME = "$(TARGET_NAME)";
				SWIFT_VERSION = 5.0;
				TARGETED_DEVICE_FAMILY = "1,2";
			};
			name = Debug;
		};
		DCCD05A2248BCFCE00105231 /* Release */ = {
			isa = XCBuildConfiguration;
			baseConfigurationReference = 43841F17F90B225AF78DD743 /* Pods-FashionLine.release.xcconfig */;
			buildSettings = {
				ASSETCATALOG_COMPILER_APPICON_NAME = AppIcon;
				CODE_SIGN_IDENTITY = "Apple Development";
				CODE_SIGN_STYLE = Automatic;
				DEVELOPMENT_TEAM = 7LL7Q7JGQ9;
				INFOPLIST_FILE = FashionLine/Info.plist;
				LD_RUNPATH_SEARCH_PATHS = (
					"$(inherited)",
					"@executable_path/Frameworks",
				);
				PRODUCT_BUNDLE_IDENTIFIER = FashionLineLabs.FashionLine.FurkanYigitAkyildiz;
				PRODUCT_NAME = "$(TARGET_NAME)";
				SWIFT_VERSION = 5.0;
				TARGETED_DEVICE_FAMILY = "1,2";
			};
			name = Release;
		};
		DCCD05A4248BCFCE00105231 /* Debug */ = {
			isa = XCBuildConfiguration;
			baseConfigurationReference = 196AE803EDAF92615215A56D /* Pods-FashionLineTests.debug.xcconfig */;
			buildSettings = {
				ALWAYS_EMBED_SWIFT_STANDARD_LIBRARIES = YES;
				BUNDLE_LOADER = "$(TEST_HOST)";
				CODE_SIGN_STYLE = Automatic;
				DEVELOPMENT_TEAM = 6Y3VCWC9N3;
				INFOPLIST_FILE = FashionLineTests/Info.plist;
				IPHONEOS_DEPLOYMENT_TARGET = 13.2;
				LD_RUNPATH_SEARCH_PATHS = (
					"$(inherited)",
					"@executable_path/Frameworks",
					"@loader_path/Frameworks",
				);
				PRODUCT_BUNDLE_IDENTIFIER = FashionLineLabs.FashionLineTests;
				PRODUCT_NAME = "$(TARGET_NAME)";
				SWIFT_VERSION = 5.0;
				TARGETED_DEVICE_FAMILY = "1,2";
				TEST_HOST = "$(BUILT_PRODUCTS_DIR)/FashionLine.app/FashionLine";
			};
			name = Debug;
		};
		DCCD05A5248BCFCE00105231 /* Release */ = {
			isa = XCBuildConfiguration;
			baseConfigurationReference = DD3A4D6E055D98A9CD1ADA24 /* Pods-FashionLineTests.release.xcconfig */;
			buildSettings = {
				ALWAYS_EMBED_SWIFT_STANDARD_LIBRARIES = YES;
				BUNDLE_LOADER = "$(TEST_HOST)";
				CODE_SIGN_STYLE = Automatic;
				DEVELOPMENT_TEAM = 6Y3VCWC9N3;
				INFOPLIST_FILE = FashionLineTests/Info.plist;
				IPHONEOS_DEPLOYMENT_TARGET = 13.2;
				LD_RUNPATH_SEARCH_PATHS = (
					"$(inherited)",
					"@executable_path/Frameworks",
					"@loader_path/Frameworks",
				);
				PRODUCT_BUNDLE_IDENTIFIER = FashionLineLabs.FashionLineTests;
				PRODUCT_NAME = "$(TARGET_NAME)";
				SWIFT_VERSION = 5.0;
				TARGETED_DEVICE_FAMILY = "1,2";
				TEST_HOST = "$(BUILT_PRODUCTS_DIR)/FashionLine.app/FashionLine";
			};
			name = Release;
		};
		DCCD05A7248BCFCE00105231 /* Debug */ = {
			isa = XCBuildConfiguration;
			baseConfigurationReference = DB79B0C63A7D4C0516730F74 /* Pods-FashionLine-FashionLineUITests.debug.xcconfig */;
			buildSettings = {
				ALWAYS_EMBED_SWIFT_STANDARD_LIBRARIES = YES;
				CODE_SIGN_STYLE = Automatic;
				DEVELOPMENT_TEAM = 6Y3VCWC9N3;
				INFOPLIST_FILE = FashionLineUITests/Info.plist;
				LD_RUNPATH_SEARCH_PATHS = (
					"$(inherited)",
					"@executable_path/Frameworks",
					"@loader_path/Frameworks",
				);
				PRODUCT_BUNDLE_IDENTIFIER = FashionLineLabs.FashionLineUITests;
				PRODUCT_NAME = "$(TARGET_NAME)";
				SWIFT_VERSION = 5.0;
				TARGETED_DEVICE_FAMILY = "1,2";
				TEST_TARGET_NAME = FashionLine;
			};
			name = Debug;
		};
		DCCD05A8248BCFCE00105231 /* Release */ = {
			isa = XCBuildConfiguration;
			baseConfigurationReference = 9CD4B518448B221744EEB0DC /* Pods-FashionLine-FashionLineUITests.release.xcconfig */;
			buildSettings = {
				ALWAYS_EMBED_SWIFT_STANDARD_LIBRARIES = YES;
				CODE_SIGN_STYLE = Automatic;
				DEVELOPMENT_TEAM = 6Y3VCWC9N3;
				INFOPLIST_FILE = FashionLineUITests/Info.plist;
				LD_RUNPATH_SEARCH_PATHS = (
					"$(inherited)",
					"@executable_path/Frameworks",
					"@loader_path/Frameworks",
				);
				PRODUCT_BUNDLE_IDENTIFIER = FashionLineLabs.FashionLineUITests;
				PRODUCT_NAME = "$(TARGET_NAME)";
				SWIFT_VERSION = 5.0;
				TARGETED_DEVICE_FAMILY = "1,2";
				TEST_TARGET_NAME = FashionLine;
			};
			name = Release;
		};
/* End XCBuildConfiguration section */

/* Begin XCConfigurationList section */
		DCCD0571248BCFC400105231 /* Build configuration list for PBXProject "FashionLine" */ = {
			isa = XCConfigurationList;
			buildConfigurations = (
				DCCD059E248BCFCE00105231 /* Debug */,
				DCCD059F248BCFCE00105231 /* Release */,
			);
			defaultConfigurationIsVisible = 0;
			defaultConfigurationName = Release;
		};
		DCCD05A0248BCFCE00105231 /* Build configuration list for PBXNativeTarget "FashionLine" */ = {
			isa = XCConfigurationList;
			buildConfigurations = (
				DCCD05A1248BCFCE00105231 /* Debug */,
				DCCD05A2248BCFCE00105231 /* Release */,
			);
			defaultConfigurationIsVisible = 0;
			defaultConfigurationName = Release;
		};
		DCCD05A3248BCFCE00105231 /* Build configuration list for PBXNativeTarget "FashionLineTests" */ = {
			isa = XCConfigurationList;
			buildConfigurations = (
				DCCD05A4248BCFCE00105231 /* Debug */,
				DCCD05A5248BCFCE00105231 /* Release */,
			);
			defaultConfigurationIsVisible = 0;
			defaultConfigurationName = Release;
		};
		DCCD05A6248BCFCE00105231 /* Build configuration list for PBXNativeTarget "FashionLineUITests" */ = {
			isa = XCConfigurationList;
			buildConfigurations = (
				DCCD05A7248BCFCE00105231 /* Debug */,
				DCCD05A8248BCFCE00105231 /* Release */,
			);
			defaultConfigurationIsVisible = 0;
			defaultConfigurationName = Release;
		};
/* End XCConfigurationList section */
	};
	rootObject = DCCD056E248BCFC400105231 /* Project object */;
}
