// !$*UTF8*$!
{
	archiveVersion = 1;
	classes = {
	};
	objectVersion = 50;
	objects = {

/* Begin PBXBuildFile section */
		0DAC883EAC6B504A4DC57F56 /* Pods_FashionLine_FashionLineUITests.framework in Frameworks */ = {isa = PBXBuildFile; fileRef = 96B8901B21F653C0213ACCA2 /* Pods_FashionLine_FashionLineUITests.framework */; };
		35C74448C271DD3EED8B491F /* Pods_FashionLine.framework in Frameworks */ = {isa = PBXBuildFile; fileRef = CA1DC3B6D0E6564DE53E1B2B /* Pods_FashionLine.framework */; };
		DCCD057A248BCFC400105231 /* AppDelegate.swift in Sources */ = {isa = PBXBuildFile; fileRef = DCCD0579248BCFC400105231 /* AppDelegate.swift */; };
		DCCD057C248BCFC400105231 /* SceneDelegate.swift in Sources */ = {isa = PBXBuildFile; fileRef = DCCD057B248BCFC400105231 /* SceneDelegate.swift */; };
		DCCD057E248BCFC400105231 /* ViewController.swift in Sources */ = {isa = PBXBuildFile; fileRef = DCCD057D248BCFC400105231 /* ViewController.swift */; };
		DCCD0583248BCFCD00105231 /* Assets.xcassets in Resources */ = {isa = PBXBuildFile; fileRef = DCCD0582248BCFCD00105231 /* Assets.xcassets */; };
		DCCD0586248BCFCD00105231 /* LaunchScreen.storyboard in Resources */ = {isa = PBXBuildFile; fileRef = DCCD0584248BCFCD00105231 /* LaunchScreen.storyboard */; };
		DCCD05B0248BF42500105231 /* LoginVC.swift in Sources */ = {isa = PBXBuildFile; fileRef = DCCD05AF248BF42500105231 /* LoginVC.swift */; };
		DCCD05B2248BFA5E00105231 /* MainVC.swift in Sources */ = {isa = PBXBuildFile; fileRef = DCCD05B1248BFA5E00105231 /* MainVC.swift */; };
		DCCD05B5248E9D5300105231 /* Extensions.swift in Sources */ = {isa = PBXBuildFile; fileRef = DCCD05B4248E9D5300105231 /* Extensions.swift */; };
		DCCD05B7248EB1B000105231 /* FeedVC.swift in Sources */ = {isa = PBXBuildFile; fileRef = DCCD05B6248EB1B000105231 /* FeedVC.swift */; };
		DCCD05B9248EB26100105231 /* CombineVC.swift in Sources */ = {isa = PBXBuildFile; fileRef = DCCD05B8248EB26100105231 /* CombineVC.swift */; };
		DCCD05BB248EB2FB00105231 /* WardrobeVC.swift in Sources */ = {isa = PBXBuildFile; fileRef = DCCD05BA248EB2FB00105231 /* WardrobeVC.swift */; };
		FA956603B75ED96B71A22CDE /* Pods_FashionLineTests.framework in Frameworks */ = {isa = PBXBuildFile; fileRef = 17B07D0DE99A5C68378AC3AF /* Pods_FashionLineTests.framework */; };
/* End PBXBuildFile section */

/* Begin PBXContainerItemProxy section */
		DCCD058D248BCFCE00105231 /* PBXContainerItemProxy */ = {
			isa = PBXContainerItemProxy;
			containerPortal = DCCD056E248BCFC400105231 /* Project object */;
			proxyType = 1;
			remoteGlobalIDString = DCCD0575248BCFC400105231;
			remoteInfo = FashionLine;
		};
		DCCD0598248BCFCE00105231 /* PBXContainerItemProxy */ = {
			isa = PBXContainerItemProxy;
			containerPortal = DCCD056E248BCFC400105231 /* Project object */;
			proxyType = 1;
			remoteGlobalIDString = DCCD0575248BCFC400105231;
			remoteInfo = FashionLine;
		};
/* End PBXContainerItemProxy section */

/* Begin PBXFileReference section */
		17B07D0DE99A5C68378AC3AF /* Pods_FashionLineTests.framework */ = {isa = PBXFileReference; explicitFileType = wrapper.framework; includeInIndex = 0; path = Pods_FashionLineTests.framework; sourceTree = BUILT_PRODUCTS_DIR; };
		196AE803EDAF92615215A56D /* Pods-FashionLineTests.debug.xcconfig */ = {isa = PBXFileReference; includeInIndex = 1; lastKnownFileType = text.xcconfig; name = "Pods-FashionLineTests.debug.xcconfig"; path = "Target Support Files/Pods-FashionLineTests/Pods-FashionLineTests.debug.xcconfig"; sourceTree = "<group>"; };
		43841F17F90B225AF78DD743 /* Pods-FashionLine.release.xcconfig */ = {isa = PBXFileReference; includeInIndex = 1; lastKnownFileType = text.xcconfig; name = "Pods-FashionLine.release.xcconfig"; path = "Target Support Files/Pods-FashionLine/Pods-FashionLine.release.xcconfig"; sourceTree = "<group>"; };
		67C64BA1FE6F2D2DF4802C76 /* Pods-FashionLine.debug.xcconfig */ = {isa = PBXFileReference; includeInIndex = 1; lastKnownFileType = text.xcconfig; name = "Pods-FashionLine.debug.xcconfig"; path = "Target Support Files/Pods-FashionLine/Pods-FashionLine.debug.xcconfig"; sourceTree = "<group>"; };
		96B8901B21F653C0213ACCA2 /* Pods_FashionLine_FashionLineUITests.framework */ = {isa = PBXFileReference; explicitFileType = wrapper.framework; includeInIndex = 0; path = Pods_FashionLine_FashionLineUITests.framework; sourceTree = BUILT_PRODUCTS_DIR; };
		9CD4B518448B221744EEB0DC /* Pods-FashionLine-FashionLineUITests.release.xcconfig */ = {isa = PBXFileReference; includeInIndex = 1; lastKnownFileType = text.xcconfig; name = "Pods-FashionLine-FashionLineUITests.release.xcconfig"; path = "Target Support Files/Pods-FashionLine-FashionLineUITests/Pods-FashionLine-FashionLineUITests.release.xcconfig"; sourceTree = "<group>"; };
		CA1DC3B6D0E6564DE53E1B2B /* Pods_FashionLine.framework */ = {isa = PBXFileReference; explicitFileType = wrapper.framework; includeInIndex = 0; path = Pods_FashionLine.framework; sourceTree = BUILT_PRODUCTS_DIR; };
		DB79B0C63A7D4C0516730F74 /* Pods-FashionLine-FashionLineUITests.debug.xcconfig */ = {isa = PBXFileReference; includeInIndex = 1; lastKnownFileType = text.xcconfig; name = "Pods-FashionLine-FashionLineUITests.debug.xcconfig"; path = "Target Support Files/Pods-FashionLine-FashionLineUITests/Pods-FashionLine-FashionLineUITests.debug.xcconfig"; sourceTree = "<group>"; };
		DCCD0576248BCFC400105231 /* FashionLine.app */ = {isa = PBXFileReference; explicitFileType = wrapper.application; includeInIndex = 0; path = FashionLine.app; sourceTree = BUILT_PRODUCTS_DIR; };
		DCCD0579248BCFC400105231 /* AppDelegate.swift */ = {isa = PBXFileReference; lastKnownFileType = sourcecode.swift; path = AppDelegate.swift; sourceTree = "<group>"; };
		DCCD057B248BCFC400105231 /* SceneDelegate.swift */ = {isa = PBXFileReference; lastKnownFileType = sourcecode.swift; path = SceneDelegate.swift; sourceTree = "<group>"; };
		DCCD057D248BCFC400105231 /* ViewController.swift */ = {isa = PBXFileReference; lastKnownFileType = sourcecode.swift; path = ViewController.swift; sourceTree = "<group>"; };
		DCCD0582248BCFCD00105231 /* Assets.xcassets */ = {isa = PBXFileReference; lastKnownFileType = folder.assetcatalog; path = Assets.xcassets; sourceTree = "<group>"; };
		DCCD0585248BCFCD00105231 /* Base */ = {isa = PBXFileReference; lastKnownFileType = file.storyboard; name = Base; path = Base.lproj/LaunchScreen.storyboard; sourceTree = "<group>"; };
		DCCD0587248BCFCD00105231 /* Info.plist */ = {isa = PBXFileReference; lastKnownFileType = text.plist.xml; path = Info.plist; sourceTree = "<group>"; };
		DCCD058C248BCFCE00105231 /* FashionLineTests.xctest */ = {isa = PBXFileReference; explicitFileType = wrapper.cfbundle; includeInIndex = 0; path = FashionLineTests.xctest; sourceTree = BUILT_PRODUCTS_DIR; };
		DCCD0597248BCFCE00105231 /* FashionLineUITests.xctest */ = {isa = PBXFileReference; explicitFileType = wrapper.cfbundle; includeInIndex = 0; path = FashionLineUITests.xctest; sourceTree = BUILT_PRODUCTS_DIR; };
		DCCD05AF248BF42500105231 /* LoginVC.swift */ = {isa = PBXFileReference; lastKnownFileType = sourcecode.swift; path = LoginVC.swift; sourceTree = "<group>"; };
		DCCD05B1248BFA5E00105231 /* MainVC.swift */ = {isa = PBXFileReference; lastKnownFileType = sourcecode.swift; path = MainVC.swift; sourceTree = "<group>"; };
		DCCD05B4248E9D5300105231 /* Extensions.swift */ = {isa = PBXFileReference; lastKnownFileType = sourcecode.swift; path = Extensions.swift; sourceTree = "<group>"; };
		DCCD05B6248EB1B000105231 /* FeedVC.swift */ = {isa = PBXFileReference; lastKnownFileType = sourcecode.swift; path = FeedVC.swift; sourceTree = "<group>"; };
		DCCD05B8248EB26100105231 /* CombineVC.swift */ = {isa = PBXFileReference; lastKnownFileType = sourcecode.swift; path = CombineVC.swift; sourceTree = "<group>"; };
		DCCD05BA248EB2FB00105231 /* WardrobeVC.swift */ = {isa = PBXFileReference; lastKnownFileType = sourcecode.swift; path = WardrobeVC.swift; sourceTree = "<group>"; };
		DD3A4D6E055D98A9CD1ADA24 /* Pods-FashionLineTests.release.xcconfig */ = {isa = PBXFileReference; includeInIndex = 1; lastKnownFileType = text.xcconfig; name = "Pods-FashionLineTests.release.xcconfig"; path = "Target Support Files/Pods-FashionLineTests/Pods-FashionLineTests.release.xcconfig"; sourceTree = "<group>"; };
/* End PBXFileReference section */

/* Begin PBXFrameworksBuildPhase section */
		DCCD0573248BCFC400105231 /* Frameworks */ = {
			isa = PBXFrameworksBuildPhase;
			buildActionMask = 2147483647;
			files = (
				35C74448C271DD3EED8B491F /* Pods_FashionLine.framework in Frameworks */,
			);
			runOnlyForDeploymentPostprocessing = 0;
		};
		DCCD0589248BCFCE00105231 /* Frameworks */ = {
			isa = PBXFrameworksBuildPhase;
			buildActionMask = 2147483647;
			files = (
				FA956603B75ED96B71A22CDE /* Pods_FashionLineTests.framework in Frameworks */,
			);
			runOnlyForDeploymentPostprocessing = 0;
		};
		DCCD0594248BCFCE00105231 /* Frameworks */ = {
			isa = PBXFrameworksBuildPhase;
			buildActionMask = 2147483647;
			files = (
				0DAC883EAC6B504A4DC57F56 /* Pods_FashionLine_FashionLineUITests.framework in Frameworks */,
			);
			runOnlyForDeploymentPostprocessing = 0;
		};
/* End PBXFrameworksBuildPhase section */

/* Begin PBXGroup section */
		3ED3B4BECAE9B9421372233E /* Frameworks */ = {
			isa = PBXGroup;
			children = (
				CA1DC3B6D0E6564DE53E1B2B /* Pods_FashionLine.framework */,
				96B8901B21F653C0213ACCA2 /* Pods_FashionLine_FashionLineUITests.framework */,
				17B07D0DE99A5C68378AC3AF /* Pods_FashionLineTests.framework */,
			);
			name = Frameworks;
			sourceTree = "<group>";
		};
		9467855F9B358FE993EFF8BC /* Pods */ = {
			isa = PBXGroup;
			children = (
				67C64BA1FE6F2D2DF4802C76 /* Pods-FashionLine.debug.xcconfig */,
				43841F17F90B225AF78DD743 /* Pods-FashionLine.release.xcconfig */,
				DB79B0C63A7D4C0516730F74 /* Pods-FashionLine-FashionLineUITests.debug.xcconfig */,
				9CD4B518448B221744EEB0DC /* Pods-FashionLine-FashionLineUITests.release.xcconfig */,
				196AE803EDAF92615215A56D /* Pods-FashionLineTests.debug.xcconfig */,
				DD3A4D6E055D98A9CD1ADA24 /* Pods-FashionLineTests.release.xcconfig */,
			);
			name = Pods;
			path = Pods;
			sourceTree = "<group>";
		};
		DCCD056D248BCFC400105231 = {
			isa = PBXGroup;
			children = (
				DCCD0578248BCFC400105231 /* FashionLine */,
				DCCD0577248BCFC400105231 /* Products */,
				9467855F9B358FE993EFF8BC /* Pods */,
				3ED3B4BECAE9B9421372233E /* Frameworks */,
			);
			sourceTree = "<group>";
		};
		DCCD0577248BCFC400105231 /* Products */ = {
			isa = PBXGroup;
			children = (
				DCCD0576248BCFC400105231 /* FashionLine.app */,
				DCCD058C248BCFCE00105231 /* FashionLineTests.xctest */,
				DCCD0597248BCFCE00105231 /* FashionLineUITests.xctest */,
			);
			name = Products;
			sourceTree = "<group>";
		};
		DCCD0578248BCFC400105231 /* FashionLine */ = {
			isa = PBXGroup;
			children = (
				DCCD05B3248E9D3200105231 /* Utilities */,
				DCCD05AE248BF40000105231 /* Login */,
				DCCD05A9248BE52A00105231 /* Controller */,
				DCCD0579248BCFC400105231 /* AppDelegate.swift */,
				DCCD057B248BCFC400105231 /* SceneDelegate.swift */,
				DCCD057D248BCFC400105231 /* ViewController.swift */,
				DCCD0582248BCFCD00105231 /* Assets.xcassets */,
				DCCD0584248BCFCD00105231 /* LaunchScreen.storyboard */,
				DCCD0587248BCFCD00105231 /* Info.plist */,
			);
			path = FashionLine;
			sourceTree = "<group>";
		};
		DCCD05A9248BE52A00105231 /* Controller */ = {
			isa = PBXGroup;
			children = (
				DCCD05B1248BFA5E00105231 /* MainVC.swift */,
				DCCD05B6248EB1B000105231 /* FeedVC.swift */,
				DCCD05B8248EB26100105231 /* CombineVC.swift */,
				DCCD05BA248EB2FB00105231 /* WardrobeVC.swift */,
			);
			path = Controller;
			sourceTree = "<group>";
		};
		DCCD05AE248BF40000105231 /* Login */ = {
			isa = PBXGroup;
			children = (
				DCCD05AF248BF42500105231 /* LoginVC.swift */,
			);
			path = Login;
			sourceTree = "<group>";
		};
		DCCD05B3248E9D3200105231 /* Utilities */ = {
			isa = PBXGroup;
			children = (
				DCCD05B4248E9D5300105231 /* Extensions.swift */,
			);
			path = Utilities;
			sourceTree = "<group>";
		};
/* End PBXGroup section */

/* Begin PBXNativeTarget section */
		DCCD0575248BCFC400105231 /* FashionLine */ = {
			isa = PBXNativeTarget;
			buildConfigurationList = DCCD05A0248BCFCE00105231 /* Build configuration list for PBXNativeTarget "FashionLine" */;
			buildPhases = (
				012DD9C0D0B741E2E72C7D1D /* [CP] Check Pods Manifest.lock */,
				DCCD0572248BCFC400105231 /* Sources */,
				DCCD0573248BCFC400105231 /* Frameworks */,
				DCCD0574248BCFC400105231 /* Resources */,
				CF283903B5989D710C135EB1 /* [CP] Embed Pods Frameworks */,
			);
			buildRules = (
			);
			dependencies = (
			);
			name = FashionLine;
			productName = FashionLine;
			productReference = DCCD0576248BCFC400105231 /* FashionLine.app */;
			productType = "com.apple.product-type.application";
		};
		DCCD058B248BCFCE00105231 /* FashionLineTests */ = {
			isa = PBXNativeTarget;
			buildConfigurationList = DCCD05A3248BCFCE00105231 /* Build configuration list for PBXNativeTarget "FashionLineTests" */;
			buildPhases = (
				488DA2CF3B3E7FD25F8AF0A4 /* [CP] Check Pods Manifest.lock */,
				DCCD0588248BCFCE00105231 /* Sources */,
				DCCD0589248BCFCE00105231 /* Frameworks */,
				DCCD058A248BCFCE00105231 /* Resources */,
			);
			buildRules = (
			);
			dependencies = (
				DCCD058E248BCFCE00105231 /* PBXTargetDependency */,
			);
			name = FashionLineTests;
			productName = FashionLineTests;
			productReference = DCCD058C248BCFCE00105231 /* FashionLineTests.xctest */;
			productType = "com.apple.product-type.bundle.unit-test";
		};
		DCCD0596248BCFCE00105231 /* FashionLineUITests */ = {
			isa = PBXNativeTarget;
			buildConfigurationList = DCCD05A6248BCFCE00105231 /* Build configuration list for PBXNativeTarget "FashionLineUITests" */;
			buildPhases = (
				45B15D408728417050B5FD3F /* [CP] Check Pods Manifest.lock */,
				DCCD0593248BCFCE00105231 /* Sources */,
				DCCD0594248BCFCE00105231 /* Frameworks */,
				DCCD0595248BCFCE00105231 /* Resources */,
				80ABE096D6C2E490735B91A6 /* [CP] Embed Pods Frameworks */,
			);
			buildRules = (
			);
			dependencies = (
				DCCD0599248BCFCE00105231 /* PBXTargetDependency */,
			);
			name = FashionLineUITests;
			productName = FashionLineUITests;
			productReference = DCCD0597248BCFCE00105231 /* FashionLineUITests.xctest */;
			productType = "com.apple.product-type.bundle.ui-testing";
		};
/* End PBXNativeTarget section */

/* Begin PBXProject section */
		DCCD056E248BCFC400105231 /* Project object */ = {
			isa = PBXProject;
			attributes = {
				LastSwiftUpdateCheck = 1130;
				LastUpgradeCheck = 1130;
				ORGANIZATIONNAME = "Furkan Y.";
				TargetAttributes = {
					DCCD0575248BCFC400105231 = {
						CreatedOnToolsVersion = 11.3.1;
					};
					DCCD058B248BCFCE00105231 = {
						CreatedOnToolsVersion = 11.3.1;
						TestTargetID = DCCD0575248BCFC400105231;
					};
					DCCD0596248BCFCE00105231 = {
						CreatedOnToolsVersion = 11.3.1;
						TestTargetID = DCCD0575248BCFC400105231;
					};
				};
			};
			buildConfigurationList = DCCD0571248BCFC400105231 /* Build configuration list for PBXProject "FashionLine" */;
			compatibilityVersion = "Xcode 9.3";
			developmentRegion = en;
			hasScannedForEncodings = 0;
			knownRegions = (
				en,
				Base,
			);
			mainGroup = DCCD056D248BCFC400105231;
			productRefGroup = DCCD0577248BCFC400105231 /* Products */;
			projectDirPath = "";
			projectRoot = "";
			targets = (
				DCCD0575248BCFC400105231 /* FashionLine */,
				DCCD058B248BCFCE00105231 /* FashionLineTests */,
				DCCD0596248BCFCE00105231 /* FashionLineUITests */,
			);
		};
/* End PBXProject section */

/* Begin PBXResourcesBuildPhase section */
		DCCD0574248BCFC400105231 /* Resources */ = {
			isa = PBXResourcesBuildPhase;
			buildActionMask = 2147483647;
			files = (
				DCCD0586248BCFCD00105231 /* LaunchScreen.storyboard in Resources */,
				DCCD0583248BCFCD00105231 /* Assets.xcassets in Resources */,
			);
			runOnlyForDeploymentPostprocessing = 0;
		};
		DCCD058A248BCFCE00105231 /* Resources */ = {
			isa = PBXResourcesBuildPhase;
			buildActionMask = 2147483647;
			files = (
			);
			runOnlyForDeploymentPostprocessing = 0;
		};
		DCCD0595248BCFCE00105231 /* Resources */ = {
			isa = PBXResourcesBuildPhase;
			buildActionMask = 2147483647;
			files = (
			);
			runOnlyForDeploymentPostprocessing = 0;
		};
/* End PBXResourcesBuildPhase section */

/* Begin PBXShellScriptBuildPhase section */
		012DD9C0D0B741E2E72C7D1D /* [CP] Check Pods Manifest.lock */ = {
			isa = PBXShellScriptBuildPhase;
			buildActionMask = 2147483647;
			files = (
			);
			inputFileListPaths = (
			);
			inputPaths = (
				"${PODS_PODFILE_DIR_PATH}/Podfile.lock",
				"${PODS_ROOT}/Manifest.lock",
			);
			name = "[CP] Check Pods Manifest.lock";
			outputFileListPaths = (
			);
			outputPaths = (
				"$(DERIVED_FILE_DIR)/Pods-FashionLine-checkManifestLockResult.txt",
			);
			runOnlyForDeploymentPostprocessing = 0;
			shellPath = /bin/sh;
			shellScript = "diff \"${PODS_PODFILE_DIR_PATH}/Podfile.lock\" \"${PODS_ROOT}/Manifest.lock\" > /dev/null\nif [ $? != 0 ] ; then\n    # print error to STDERR\n    echo \"error: The sandbox is not in sync with the Podfile.lock. Run 'pod install' or update your CocoaPods installation.\" >&2\n    exit 1\nfi\n# This output is used by Xcode 'outputs' to avoid re-running this script phase.\necho \"SUCCESS\" > \"${SCRIPT_OUTPUT_FILE_0}\"\n";
			showEnvVarsInLog = 0;
		};
		45B15D408728417050B5FD3F /* [CP] Check Pods Manifest.lock */ = {
			isa = PBXShellScriptBuildPhase;
			buildActionMask = 2147483647;
			files = (
			);
			inputFileListPaths = (
			);
			inputPaths = (
				"${PODS_PODFILE_DIR_PATH}/Podfile.lock",
				"${PODS_ROOT}/Manifest.lock",
			);
			name = "[CP] Check Pods Manifest.lock";
			outputFileListPaths = (
			);
			outputPaths = (
				"$(DERIVED_FILE_DIR)/Pods-FashionLine-FashionLineUITests-checkManifestLockResult.txt",
			);
			runOnlyForDeploymentPostprocessing = 0;
			shellPath = /bin/sh;
			shellScript = "diff \"${PODS_PODFILE_DIR_PATH}/Podfile.lock\" \"${PODS_ROOT}/Manifest.lock\" > /dev/null\nif [ $? != 0 ] ; then\n    # print error to STDERR\n    echo \"error: The sandbox is not in sync with the Podfile.lock. Run 'pod install' or update your CocoaPods installation.\" >&2\n    exit 1\nfi\n# This output is used by Xcode 'outputs' to avoid re-running this script phase.\necho \"SUCCESS\" > \"${SCRIPT_OUTPUT_FILE_0}\"\n";
			showEnvVarsInLog = 0;
		};
		488DA2CF3B3E7FD25F8AF0A4 /* [CP] Check Pods Manifest.lock */ = {
			isa = PBXShellScriptBuildPhase;
			buildActionMask = 2147483647;
			files = (
			);
			inputFileListPaths = (
			);
			inputPaths = (
				"${PODS_PODFILE_DIR_PATH}/Podfile.lock",
				"${PODS_ROOT}/Manifest.lock",
			);
			name = "[CP] Check Pods Manifest.lock";
			outputFileListPaths = (
			);
			outputPaths = (
				"$(DERIVED_FILE_DIR)/Pods-FashionLineTests-checkManifestLockResult.txt",
			);
			runOnlyForDeploymentPostprocessing = 0;
			shellPath = /bin/sh;
			shellScript = "diff \"${PODS_PODFILE_DIR_PATH}/Podfile.lock\" \"${PODS_ROOT}/Manifest.lock\" > /dev/null\nif [ $? != 0 ] ; then\n    # print error to STDERR\n    echo \"error: The sandbox is not in sync with the Podfile.lock. Run 'pod install' or update your CocoaPods installation.\" >&2\n    exit 1\nfi\n# This output is used by Xcode 'outputs' to avoid re-running this script phase.\necho \"SUCCESS\" > \"${SCRIPT_OUTPUT_FILE_0}\"\n";
			showEnvVarsInLog = 0;
		};
		80ABE096D6C2E490735B91A6 /* [CP] Embed Pods Frameworks */ = {
			isa = PBXShellScriptBuildPhase;
			buildActionMask = 2147483647;
			files = (
			);
			inputFileListPaths = (
				"${PODS_ROOT}/Target Support Files/Pods-FashionLine-FashionLineUITests/Pods-FashionLine-FashionLineUITests-frameworks-${CONFIGURATION}-input-files.xcfilelist",
			);
			name = "[CP] Embed Pods Frameworks";
			outputFileListPaths = (
				"${PODS_ROOT}/Target Support Files/Pods-FashionLine-FashionLineUITests/Pods-FashionLine-FashionLineUITests-frameworks-${CONFIGURATION}-output-files.xcfilelist",
			);
			runOnlyForDeploymentPostprocessing = 0;
			shellPath = /bin/sh;
			shellScript = "\"${PODS_ROOT}/Target Support Files/Pods-FashionLine-FashionLineUITests/Pods-FashionLine-FashionLineUITests-frameworks.sh\"\n";
			showEnvVarsInLog = 0;
		};
		CF283903B5989D710C135EB1 /* [CP] Embed Pods Frameworks */ = {
			isa = PBXShellScriptBuildPhase;
			buildActionMask = 2147483647;
			files = (
			);
			inputFileListPaths = (
				"${PODS_ROOT}/Target Support Files/Pods-FashionLine/Pods-FashionLine-frameworks-${CONFIGURATION}-input-files.xcfilelist",
			);
			name = "[CP] Embed Pods Frameworks";
			outputFileListPaths = (
				"${PODS_ROOT}/Target Support Files/Pods-FashionLine/Pods-FashionLine-frameworks-${CONFIGURATION}-output-files.xcfilelist",
			);
			runOnlyForDeploymentPostprocessing = 0;
			shellPath = /bin/sh;
			shellScript = "\"${PODS_ROOT}/Target Support Files/Pods-FashionLine/Pods-FashionLine-frameworks.sh\"\n";
			showEnvVarsInLog = 0;
		};
/* End PBXShellScriptBuildPhase section */

/* Begin PBXSourcesBuildPhase section */
		DCCD0572248BCFC400105231 /* Sources */ = {
			isa = PBXSourcesBuildPhase;
			buildActionMask = 2147483647;
			files = (
				DCCD05B9248EB26100105231 /* CombineVC.swift in Sources */,
				DCCD057E248BCFC400105231 /* ViewController.swift in Sources */,
				DCCD05B7248EB1B000105231 /* FeedVC.swift in Sources */,
				DCCD05B5248E9D5300105231 /* Extensions.swift in Sources */,
				DCCD05B2248BFA5E00105231 /* MainVC.swift in Sources */,
				DCCD05BB248EB2FB00105231 /* WardrobeVC.swift in Sources */,
				DCCD057A248BCFC400105231 /* AppDelegate.swift in Sources */,
				DCCD05B0248BF42500105231 /* LoginVC.swift in Sources */,
				DCCD057C248BCFC400105231 /* SceneDelegate.swift in Sources */,
			);
			runOnlyForDeploymentPostprocessing = 0;
		};
		DCCD0588248BCFCE00105231 /* Sources */ = {
			isa = PBXSourcesBuildPhase;
			buildActionMask = 2147483647;
			files = (
			);
			runOnlyForDeploymentPostprocessing = 0;
		};
		DCCD0593248BCFCE00105231 /* Sources */ = {
			isa = PBXSourcesBuildPhase;
			buildActionMask = 2147483647;
			files = (
			);
			runOnlyForDeploymentPostprocessing = 0;
		};
/* End PBXSourcesBuildPhase section */

/* Begin PBXTargetDependency section */
		DCCD058E248BCFCE00105231 /* PBXTargetDependency */ = {
			isa = PBXTargetDependency;
			target = DCCD0575248BCFC400105231 /* FashionLine */;
			targetProxy = DCCD058D248BCFCE00105231 /* PBXContainerItemProxy */;
		};
		DCCD0599248BCFCE00105231 /* PBXTargetDependency */ = {
			isa = PBXTargetDependency;
			target = DCCD0575248BCFC400105231 /* FashionLine */;
			targetProxy = DCCD0598248BCFCE00105231 /* PBXContainerItemProxy */;
		};
/* End PBXTargetDependency section */

/* Begin PBXVariantGroup section */
		DCCD0584248BCFCD00105231 /* LaunchScreen.storyboard */ = {
			isa = PBXVariantGroup;
			children = (
				DCCD0585248BCFCD00105231 /* Base */,
			);
			name = LaunchScreen.storyboard;
			sourceTree = "<group>";
		};
/* End PBXVariantGroup section */

/* Begin XCBuildConfiguration section */
		DCCD059E248BCFCE00105231 /* Debug */ = {
			isa = XCBuildConfiguration;
			buildSettings = {
				ALWAYS_SEARCH_USER_PATHS = NO;
				CLANG_ANALYZER_NONNULL = YES;
				CLANG_ANALYZER_NUMBER_OBJECT_CONVERSION = YES_AGGRESSIVE;
				CLANG_CXX_LANGUAGE_STANDARD = "gnu++14";
				CLANG_CXX_LIBRARY = "libc++";
				CLANG_ENABLE_MODULES = YES;
				CLANG_ENABLE_OBJC_ARC = YES;
				CLANG_ENABLE_OBJC_WEAK = YES;
				CLANG_WARN_BLOCK_CAPTURE_AUTORELEASING = YES;
				CLANG_WARN_BOOL_CONVERSION = YES;
				CLANG_WARN_COMMA = YES;
				CLANG_WARN_CONSTANT_CONVERSION = YES;
				CLANG_WARN_DEPRECATED_OBJC_IMPLEMENTATIONS = YES;
				CLANG_WARN_DIRECT_OBJC_ISA_USAGE = YES_ERROR;
				CLANG_WARN_DOCUMENTATION_COMMENTS = YES;
				CLANG_WARN_EMPTY_BODY = YES;
				CLANG_WARN_ENUM_CONVERSION = YES;
				CLANG_WARN_INFINITE_RECURSION = YES;
				CLANG_WARN_INT_CONVERSION = YES;
				CLANG_WARN_NON_LITERAL_NULL_CONVERSION = YES;
				CLANG_WARN_OBJC_IMPLICIT_RETAIN_SELF = YES;
				CLANG_WARN_OBJC_LITERAL_CONVERSION = YES;
				CLANG_WARN_OBJC_ROOT_CLASS = YES_ERROR;
				CLANG_WARN_RANGE_LOOP_ANALYSIS = YES;
				CLANG_WARN_STRICT_PROTOTYPES = YES;
				CLANG_WARN_SUSPICIOUS_MOVE = YES;
				CLANG_WARN_UNGUARDED_AVAILABILITY = YES_AGGRESSIVE;
				CLANG_WARN_UNREACHABLE_CODE = YES;
				CLANG_WARN__DUPLICATE_METHOD_MATCH = YES;
				COPY_PHASE_STRIP = NO;
				DEBUG_INFORMATION_FORMAT = dwarf;
				ENABLE_STRICT_OBJC_MSGSEND = YES;
				ENABLE_TESTABILITY = YES;
				GCC_C_LANGUAGE_STANDARD = gnu11;
				GCC_DYNAMIC_NO_PIC = NO;
				GCC_NO_COMMON_BLOCKS = YES;
				GCC_OPTIMIZATION_LEVEL = 0;
				GCC_PREPROCESSOR_DEFINITIONS = (
					"DEBUG=1",
					"$(inherited)",
				);
				GCC_WARN_64_TO_32_BIT_CONVERSION = YES;
				GCC_WARN_ABOUT_RETURN_TYPE = YES_ERROR;
				GCC_WARN_UNDECLARED_SELECTOR = YES;
				GCC_WARN_UNINITIALIZED_AUTOS = YES_AGGRESSIVE;
				GCC_WARN_UNUSED_FUNCTION = YES;
				GCC_WARN_UNUSED_VARIABLE = YES;
				IPHONEOS_DEPLOYMENT_TARGET = 13.2;
				MTL_ENABLE_DEBUG_INFO = INCLUDE_SOURCE;
				MTL_FAST_MATH = YES;
				ONLY_ACTIVE_ARCH = YES;
				SDKROOT = iphoneos;
				SWIFT_ACTIVE_COMPILATION_CONDITIONS = DEBUG;
				SWIFT_OPTIMIZATION_LEVEL = "-Onone";
			};
			name = Debug;
		};
		DCCD059F248BCFCE00105231 /* Release */ = {
			isa = XCBuildConfiguration;
			buildSettings = {
				ALWAYS_SEARCH_USER_PATHS = NO;
				CLANG_ANALYZER_NONNULL = YES;
				CLANG_ANALYZER_NUMBER_OBJECT_CONVERSION = YES_AGGRESSIVE;
				CLANG_CXX_LANGUAGE_STANDARD = "gnu++14";
				CLANG_CXX_LIBRARY = "libc++";
				CLANG_ENABLE_MODULES = YES;
				CLANG_ENABLE_OBJC_ARC = YES;
				CLANG_ENABLE_OBJC_WEAK = YES;
				CLANG_WARN_BLOCK_CAPTURE_AUTORELEASING = YES;
				CLANG_WARN_BOOL_CONVERSION = YES;
				CLANG_WARN_COMMA = YES;
				CLANG_WARN_CONSTANT_CONVERSION = YES;
				CLANG_WARN_DEPRECATED_OBJC_IMPLEMENTATIONS = YES;
				CLANG_WARN_DIRECT_OBJC_ISA_USAGE = YES_ERROR;
				CLANG_WARN_DOCUMENTATION_COMMENTS = YES;
				CLANG_WARN_EMPTY_BODY = YES;
				CLANG_WARN_ENUM_CONVERSION = YES;
				CLANG_WARN_INFINITE_RECURSION = YES;
				CLANG_WARN_INT_CONVERSION = YES;
				CLANG_WARN_NON_LITERAL_NULL_CONVERSION = YES;
				CLANG_WARN_OBJC_IMPLICIT_RETAIN_SELF = YES;
				CLANG_WARN_OBJC_LITERAL_CONVERSION = YES;
				CLANG_WARN_OBJC_ROOT_CLASS = YES_ERROR;
				CLANG_WARN_RANGE_LOOP_ANALYSIS = YES;
				CLANG_WARN_STRICT_PROTOTYPES = YES;
				CLANG_WARN_SUSPICIOUS_MOVE = YES;
				CLANG_WARN_UNGUARDED_AVAILABILITY = YES_AGGRESSIVE;
				CLANG_WARN_UNREACHABLE_CODE = YES;
				CLANG_WARN__DUPLICATE_METHOD_MATCH = YES;
				COPY_PHASE_STRIP = NO;
				DEBUG_INFORMATION_FORMAT = "dwarf-with-dsym";
				ENABLE_NS_ASSERTIONS = NO;
				ENABLE_STRICT_OBJC_MSGSEND = YES;
				GCC_C_LANGUAGE_STANDARD = gnu11;
				GCC_NO_COMMON_BLOCKS = YES;
				GCC_WARN_64_TO_32_BIT_CONVERSION = YES;
				GCC_WARN_ABOUT_RETURN_TYPE = YES_ERROR;
				GCC_WARN_UNDECLARED_SELECTOR = YES;
				GCC_WARN_UNINITIALIZED_AUTOS = YES_AGGRESSIVE;
				GCC_WARN_UNUSED_FUNCTION = YES;
				GCC_WARN_UNUSED_VARIABLE = YES;
				IPHONEOS_DEPLOYMENT_TARGET = 13.2;
				MTL_ENABLE_DEBUG_INFO = NO;
				MTL_FAST_MATH = YES;
				SDKROOT = iphoneos;
				SWIFT_COMPILATION_MODE = wholemodule;
				SWIFT_OPTIMIZATION_LEVEL = "-O";
				VALIDATE_PRODUCT = YES;
			};
			name = Release;
		};
		DCCD05A1248BCFCE00105231 /* Debug */ = {
			isa = XCBuildConfiguration;
			baseConfigurationReference = 67C64BA1FE6F2D2DF4802C76 /* Pods-FashionLine.debug.xcconfig */;
			buildSettings = {
				ASSETCATALOG_COMPILER_APPICON_NAME = AppIcon;
				CODE_SIGN_STYLE = Automatic;
				INFOPLIST_FILE = FashionLine/Info.plist;
				LD_RUNPATH_SEARCH_PATHS = (
					"$(inherited)",
					"@executable_path/Frameworks",
				);
				PRODUCT_BUNDLE_IDENTIFIER = FashionLineLabs.FashionLine;
				PRODUCT_NAME = "$(TARGET_NAME)";
				SWIFT_VERSION = 5.0;
				TARGETED_DEVICE_FAMILY = "1,2";
			};
			name = Debug;
		};
		DCCD05A2248BCFCE00105231 /* Release */ = {
			isa = XCBuildConfiguration;
			baseConfigurationReference = 43841F17F90B225AF78DD743 /* Pods-FashionLine.release.xcconfig */;
			buildSettings = {
				ASSETCATALOG_COMPILER_APPICON_NAME = AppIcon;
				CODE_SIGN_STYLE = Automatic;
				INFOPLIST_FILE = FashionLine/Info.plist;
				LD_RUNPATH_SEARCH_PATHS = (
					"$(inherited)",
					"@executable_path/Frameworks",
				);
				PRODUCT_BUNDLE_IDENTIFIER = FashionLineLabs.FashionLine;
				PRODUCT_NAME = "$(TARGET_NAME)";
				SWIFT_VERSION = 5.0;
				TARGETED_DEVICE_FAMILY = "1,2";
			};
			name = Release;
		};
		DCCD05A4248BCFCE00105231 /* Debug */ = {
			isa = XCBuildConfiguration;
			baseConfigurationReference = 196AE803EDAF92615215A56D /* Pods-FashionLineTests.debug.xcconfig */;
			buildSettings = {
				ALWAYS_EMBED_SWIFT_STANDARD_LIBRARIES = YES;
				BUNDLE_LOADER = "$(TEST_HOST)";
				CODE_SIGN_STYLE = Automatic;
				INFOPLIST_FILE = FashionLineTests/Info.plist;
				IPHONEOS_DEPLOYMENT_TARGET = 13.2;
				LD_RUNPATH_SEARCH_PATHS = (
					"$(inherited)",
					"@executable_path/Frameworks",
					"@loader_path/Frameworks",
				);
				PRODUCT_BUNDLE_IDENTIFIER = FashionLineLabs.FashionLineTests;
				PRODUCT_NAME = "$(TARGET_NAME)";
				SWIFT_VERSION = 5.0;
				TARGETED_DEVICE_FAMILY = "1,2";
				TEST_HOST = "$(BUILT_PRODUCTS_DIR)/FashionLine.app/FashionLine";
			};
			name = Debug;
		};
		DCCD05A5248BCFCE00105231 /* Release */ = {
			isa = XCBuildConfiguration;
			baseConfigurationReference = DD3A4D6E055D98A9CD1ADA24 /* Pods-FashionLineTests.release.xcconfig */;
			buildSettings = {
				ALWAYS_EMBED_SWIFT_STANDARD_LIBRARIES = YES;
				BUNDLE_LOADER = "$(TEST_HOST)";
				CODE_SIGN_STYLE = Automatic;
				INFOPLIST_FILE = FashionLineTests/Info.plist;
				IPHONEOS_DEPLOYMENT_TARGET = 13.2;
				LD_RUNPATH_SEARCH_PATHS = (
					"$(inherited)",
					"@executable_path/Frameworks",
					"@loader_path/Frameworks",
				);
				PRODUCT_BUNDLE_IDENTIFIER = FashionLineLabs.FashionLineTests;
				PRODUCT_NAME = "$(TARGET_NAME)";
				SWIFT_VERSION = 5.0;
				TARGETED_DEVICE_FAMILY = "1,2";
				TEST_HOST = "$(BUILT_PRODUCTS_DIR)/FashionLine.app/FashionLine";
			};
			name = Release;
		};
		DCCD05A7248BCFCE00105231 /* Debug */ = {
			isa = XCBuildConfiguration;
			baseConfigurationReference = DB79B0C63A7D4C0516730F74 /* Pods-FashionLine-FashionLineUITests.debug.xcconfig */;
			buildSettings = {
				ALWAYS_EMBED_SWIFT_STANDARD_LIBRARIES = YES;
				CODE_SIGN_STYLE = Automatic;
				INFOPLIST_FILE = FashionLineUITests/Info.plist;
				LD_RUNPATH_SEARCH_PATHS = (
					"$(inherited)",
					"@executable_path/Frameworks",
					"@loader_path/Frameworks",
				);
				PRODUCT_BUNDLE_IDENTIFIER = FashionLineLabs.FashionLineUITests;
				PRODUCT_NAME = "$(TARGET_NAME)";
				SWIFT_VERSION = 5.0;
				TARGETED_DEVICE_FAMILY = "1,2";
				TEST_TARGET_NAME = FashionLine;
			};
			name = Debug;
		};
		DCCD05A8248BCFCE00105231 /* Release */ = {
			isa = XCBuildConfiguration;
			baseConfigurationReference = 9CD4B518448B221744EEB0DC /* Pods-FashionLine-FashionLineUITests.release.xcconfig */;
			buildSettings = {
				ALWAYS_EMBED_SWIFT_STANDARD_LIBRARIES = YES;
				CODE_SIGN_STYLE = Automatic;
				INFOPLIST_FILE = FashionLineUITests/Info.plist;
				LD_RUNPATH_SEARCH_PATHS = (
					"$(inherited)",
					"@executable_path/Frameworks",
					"@loader_path/Frameworks",
				);
				PRODUCT_BUNDLE_IDENTIFIER = FashionLineLabs.FashionLineUITests;
				PRODUCT_NAME = "$(TARGET_NAME)";
				SWIFT_VERSION = 5.0;
				TARGETED_DEVICE_FAMILY = "1,2";
				TEST_TARGET_NAME = FashionLine;
			};
			name = Release;
		};
/* End XCBuildConfiguration section */

/* Begin XCConfigurationList section */
		DCCD0571248BCFC400105231 /* Build configuration list for PBXProject "FashionLine" */ = {
			isa = XCConfigurationList;
			buildConfigurations = (
				DCCD059E248BCFCE00105231 /* Debug */,
				DCCD059F248BCFCE00105231 /* Release */,
			);
			defaultConfigurationIsVisible = 0;
			defaultConfigurationName = Release;
		};
		DCCD05A0248BCFCE00105231 /* Build configuration list for PBXNativeTarget "FashionLine" */ = {
			isa = XCConfigurationList;
			buildConfigurations = (
				DCCD05A1248BCFCE00105231 /* Debug */,
				DCCD05A2248BCFCE00105231 /* Release */,
			);
			defaultConfigurationIsVisible = 0;
			defaultConfigurationName = Release;
		};
		DCCD05A3248BCFCE00105231 /* Build configuration list for PBXNativeTarget "FashionLineTests" */ = {
			isa = XCConfigurationList;
			buildConfigurations = (
				DCCD05A4248BCFCE00105231 /* Debug */,
				DCCD05A5248BCFCE00105231 /* Release */,
			);
			defaultConfigurationIsVisible = 0;
			defaultConfigurationName = Release;
		};
		DCCD05A6248BCFCE00105231 /* Build configuration list for PBXNativeTarget "FashionLineUITests" */ = {
			isa = XCConfigurationList;
			buildConfigurations = (
				DCCD05A7248BCFCE00105231 /* Debug */,
				DCCD05A8248BCFCE00105231 /* Release */,
			);
			defaultConfigurationIsVisible = 0;
			defaultConfigurationName = Release;
		};
/* End XCConfigurationList section */
	};
	rootObject = DCCD056E248BCFC400105231 /* Project object */;
}
